// !$*UTF8*$!
{
	archiveVersion = 1;
	classes = {
	};
	objectVersion = 50;
	objects = {

/* Begin PBXBuildFile section */
		770282DA235C08AC000098DB /* MiniPlayerViewController.swift in Sources */ = {isa = PBXBuildFile; fileRef = 770282D9235C08AC000098DB /* MiniPlayerViewController.swift */; };
		770282DC235C08B9000098DB /* MiniPlayerViewModel.swift in Sources */ = {isa = PBXBuildFile; fileRef = 770282DB235C08B9000098DB /* MiniPlayerViewModel.swift */; };
		770282DF235C27A7000098DB /* Bindable.swift in Sources */ = {isa = PBXBuildFile; fileRef = 770282DE235C27A7000098DB /* Bindable.swift */; };
		770A6BFB23687AF400FDE4F6 /* GroupCRPProvider.swift in Sources */ = {isa = PBXBuildFile; fileRef = 770A6BFA23687AF400FDE4F6 /* GroupCRPProvider.swift */; };
		770A6BFD2368895100FDE4F6 /* ShowClient.swift in Sources */ = {isa = PBXBuildFile; fileRef = 770A6BFC2368895100FDE4F6 /* ShowClient.swift */; };
		770A6BFF2368978500FDE4F6 /* Show.swift in Sources */ = {isa = PBXBuildFile; fileRef = 770A6BFE2368978500FDE4F6 /* Show.swift */; };
		77236FA223677C3F009C80D0 /* ApiClient.swift in Sources */ = {isa = PBXBuildFile; fileRef = 77236FA123677C3F009C80D0 /* ApiClient.swift */; };
		77236FA423677C56009C80D0 /* EndPoint.swift in Sources */ = {isa = PBXBuildFile; fileRef = 77236FA323677C56009C80D0 /* EndPoint.swift */; };
		77236FA923677F9B009C80D0 /* GrupoRPPResult.swift in Sources */ = {isa = PBXBuildFile; fileRef = 77236FA823677F9B009C80D0 /* GrupoRPPResult.swift */; };
		77236FAC236786F8009C80D0 /* ShowRPP.swift in Sources */ = {isa = PBXBuildFile; fileRef = 77236FAB236786F8009C80D0 /* ShowRPP.swift */; };
		77236FAF236787B3009C80D0 /* GroupRPPProvider.swift in Sources */ = {isa = PBXBuildFile; fileRef = 77236FAE236787B2009C80D0 /* GroupRPPProvider.swift */; };
		7739E809235E4A610071882A /* RadioPlayer.swift in Sources */ = {isa = PBXBuildFile; fileRef = 7739E808235E4A610071882A /* RadioPlayer.swift */; };
		7739E80C235E4B980071882A /* ApiPlayer.swift in Sources */ = {isa = PBXBuildFile; fileRef = 7739E80B235E4B980071882A /* ApiPlayer.swift */; };
		773D455B2368EE58007B755D /* FavoritesViewController.swift in Sources */ = {isa = PBXBuildFile; fileRef = 773D455A2368EE58007B755D /* FavoritesViewController.swift */; };
		773D455D2368EE6E007B755D /* FavoritesViewModel.swift in Sources */ = {isa = PBXBuildFile; fileRef = 773D455C2368EE6E007B755D /* FavoritesViewModel.swift */; };
		77421B152358FEE500A23C79 /* AppDelegate.swift in Sources */ = {isa = PBXBuildFile; fileRef = 77421B142358FEE500A23C79 /* AppDelegate.swift */; };
		77421B1A2358FEE500A23C79 /* Main.storyboard in Resources */ = {isa = PBXBuildFile; fileRef = 77421B182358FEE500A23C79 /* Main.storyboard */; };
		77421B1C2358FEE700A23C79 /* Assets.xcassets in Resources */ = {isa = PBXBuildFile; fileRef = 77421B1B2358FEE700A23C79 /* Assets.xcassets */; };
		77421B1F2358FEE700A23C79 /* LaunchScreen.storyboard in Resources */ = {isa = PBXBuildFile; fileRef = 77421B1D2358FEE700A23C79 /* LaunchScreen.storyboard */; };
		77421B272359015C00A23C79 /* Popular.storyboard in Resources */ = {isa = PBXBuildFile; fileRef = 77421B262359015C00A23C79 /* Popular.storyboard */; };
		77421B292359016700A23C79 /* Favorites.storyboard in Resources */ = {isa = PBXBuildFile; fileRef = 77421B282359016700A23C79 /* Favorites.storyboard */; };
		77421B2C2359116600A23C79 /* Player.storyboard in Resources */ = {isa = PBXBuildFile; fileRef = 77421B2B2359116600A23C79 /* Player.storyboard */; };
		774714612363A39100198D9E /* PlayingBarsView.swift in Sources */ = {isa = PBXBuildFile; fileRef = 774714602363A39100198D9E /* PlayingBarsView.swift */; };
		774F0CA023721555002852C3 /* MainViewController.swift in Sources */ = {isa = PBXBuildFile; fileRef = 774F0C9F23721555002852C3 /* MainViewController.swift */; };
		774F0CA22372163E002852C3 /* MainViewModel.swift in Sources */ = {isa = PBXBuildFile; fileRef = 774F0CA12372163E002852C3 /* MainViewModel.swift */; };
		774F0CA52372199D002852C3 /* TabBarViewController.swift in Sources */ = {isa = PBXBuildFile; fileRef = 774F0CA42372199D002852C3 /* TabBarViewController.swift */; };
		7755B51E2359F1E2004E642B /* PlayerViewController.swift in Sources */ = {isa = PBXBuildFile; fileRef = 7755B51D2359F1E2004E642B /* PlayerViewController.swift */; };
		7755B522235A1241004E642B /* PopularViewController.swift in Sources */ = {isa = PBXBuildFile; fileRef = 7755B521235A1241004E642B /* PopularViewController.swift */; };
		7755B524235A1350004E642B /* PopularViewModel.swift in Sources */ = {isa = PBXBuildFile; fileRef = 7755B523235A1350004E642B /* PopularViewModel.swift */; };
		7755B52D235A144F004E642B /* PopularViewCell.swift in Sources */ = {isa = PBXBuildFile; fileRef = 7755B52B235A144F004E642B /* PopularViewCell.swift */; };
		7755B52E235A144F004E642B /* PopularViewCell.xib in Resources */ = {isa = PBXBuildFile; fileRef = 7755B52C235A144F004E642B /* PopularViewCell.xib */; };
		7755B530235A15D2004E642B /* PopularCellViewModel.swift in Sources */ = {isa = PBXBuildFile; fileRef = 7755B52F235A15D2004E642B /* PopularCellViewModel.swift */; };
		777CEDC923D90C5300FCD04B /* Observable.swift in Sources */ = {isa = PBXBuildFile; fileRef = 777CEDC823D90C5300FCD04B /* Observable.swift */; };
		777CEDCB23D90C6500FCD04B /* StoryboardInstantiable.swift in Sources */ = {isa = PBXBuildFile; fileRef = 777CEDCA23D90C6500FCD04B /* StoryboardInstantiable.swift */; };
		777CEDCD23D90C6F00FCD04B /* SimpleViewState.swift in Sources */ = {isa = PBXBuildFile; fileRef = 777CEDCC23D90C6F00FCD04B /* SimpleViewState.swift */; };
		77964891235A569900813C48 /* PlayerViewModel.swift in Sources */ = {isa = PBXBuildFile; fileRef = 77964890235A569900813C48 /* PlayerViewModel.swift */; };
		779DF56023634D8C001F034F /* LoadingPlayerView.swift in Sources */ = {isa = PBXBuildFile; fileRef = 779DF55F23634D8C001F034F /* LoadingPlayerView.swift */; };
		77B9469B235AD7D7006C3EEA /* Interactor.swift in Sources */ = {isa = PBXBuildFile; fileRef = 77B9469A235AD7D7006C3EEA /* Interactor.swift */; };
		77B9469D235AD7E6006C3EEA /* DismissAnimator.swift in Sources */ = {isa = PBXBuildFile; fileRef = 77B9469C235AD7E6006C3EEA /* DismissAnimator.swift */; };
		77BBC0FD2382FC2D00F3CA81 /* RadioPlayerObserver.swift in Sources */ = {isa = PBXBuildFile; fileRef = 77BBC0FC2382FC2D00F3CA81 /* RadioPlayerObserver.swift */; };
		77C6B0A523848E8C0085C0D0 /* InitialNavigationController.swift in Sources */ = {isa = PBXBuildFile; fileRef = 77C6B0A423848E8C0085C0D0 /* InitialNavigationController.swift */; };
		77CA145B23689CB9001BF04E /* ApiError.swift in Sources */ = {isa = PBXBuildFile; fileRef = 77CA145A23689CB9001BF04E /* ApiError.swift */; };
		77D51745237C988B00B7DCC9 /* Station.swift in Sources */ = {isa = PBXBuildFile; fileRef = 77D51744237C988B00B7DCC9 /* Station.swift */; };
		77D51747237C989200B7DCC9 /* StationFavorite.swift in Sources */ = {isa = PBXBuildFile; fileRef = 77D51746237C989200B7DCC9 /* StationFavorite.swift */; };
		77D5174A237C98B300B7DCC9 /* PersistenceStore.swift in Sources */ = {isa = PBXBuildFile; fileRef = 77D51749237C98B300B7DCC9 /* PersistenceStore.swift */; };
		77D5174C237C98C300B7DCC9 /* PersistenceStore+Station.swift in Sources */ = {isa = PBXBuildFile; fileRef = 77D5174B237C98C300B7DCC9 /* PersistenceStore+Station.swift */; };
		77D5174E237C98CE00B7DCC9 /* PersistenceStore+StationFavorite.swift in Sources */ = {isa = PBXBuildFile; fileRef = 77D5174D237C98CE00B7DCC9 /* PersistenceStore+StationFavorite.swift */; };
		77D51751237C98E800B7DCC9 /* Managed.swift in Sources */ = {isa = PBXBuildFile; fileRef = 77D51750237C98E800B7DCC9 /* Managed.swift */; };
		77D51753237C98FB00B7DCC9 /* NSManagedObjectContext+Extension.swift in Sources */ = {isa = PBXBuildFile; fileRef = 77D51752237C98FB00B7DCC9 /* NSManagedObjectContext+Extension.swift */; };
		77D51755237C990800B7DCC9 /* CodingUserInfoKey.swift in Sources */ = {isa = PBXBuildFile; fileRef = 77D51754237C990800B7DCC9 /* CodingUserInfoKey.swift */; };
		77D51758237C992300B7DCC9 /* PersistenceManager.swift in Sources */ = {isa = PBXBuildFile; fileRef = 77D51757237C992300B7DCC9 /* PersistenceManager.swift */; };
		77D5175B237C9A8300B7DCC9 /* RadiosPeru.xcdatamodeld in Sources */ = {isa = PBXBuildFile; fileRef = 77D51759237C9A8300B7DCC9 /* RadiosPeru.xcdatamodeld */; };
		77D5175D237C9BAE00B7DCC9 /* Group.swift in Sources */ = {isa = PBXBuildFile; fileRef = 77D5175C237C9BAE00B7DCC9 /* Group.swift */; };
		77D51760237C9CD500B7DCC9 /* MainTabBar.storyboard in Resources */ = {isa = PBXBuildFile; fileRef = 77D5175E237C9CD500B7DCC9 /* MainTabBar.storyboard */; };
		77D51762237C9DA500B7DCC9 /* InitialViewController.swift in Sources */ = {isa = PBXBuildFile; fileRef = 77D51761237C9DA500B7DCC9 /* InitialViewController.swift */; };
		77D51764237C9DB200B7DCC9 /* InitialViewModel.swift in Sources */ = {isa = PBXBuildFile; fileRef = 77D51763237C9DB200B7DCC9 /* InitialViewModel.swift */; };
		77D51766237C9FD200B7DCC9 /* StationResult.swift in Sources */ = {isa = PBXBuildFile; fileRef = 77D51765237C9FD200B7DCC9 /* StationResult.swift */; };
		77D51768237CA04400B7DCC9 /* StationProvider.swift in Sources */ = {isa = PBXBuildFile; fileRef = 77D51767237CA04400B7DCC9 /* StationProvider.swift */; };
		77D5176A237CA04B00B7DCC9 /* StationClient.swift in Sources */ = {isa = PBXBuildFile; fileRef = 77D51769237CA04B00B7DCC9 /* StationClient.swift */; };
		77E5AF6323D9F39800509BC2 /* ShowRPP+Decodable.swift in Sources */ = {isa = PBXBuildFile; fileRef = 77E5AF6223D9F39800509BC2 /* ShowRPP+Decodable.swift */; };
		77E5AF6623D9F45200509BC2 /* ShowCRP+Decodable.swift in Sources */ = {isa = PBXBuildFile; fileRef = 77E5AF6523D9F45200509BC2 /* ShowCRP+Decodable.swift */; };
		77E5AF6823D9F52D00509BC2 /* Group+Decodable.swift in Sources */ = {isa = PBXBuildFile; fileRef = 77E5AF6723D9F52D00509BC2 /* Group+Decodable.swift */; };
		77E5AF6A23D9F66D00509BC2 /* GrupoRPPResult+Decodable.swift in Sources */ = {isa = PBXBuildFile; fileRef = 77E5AF6923D9F66D00509BC2 /* GrupoRPPResult+Decodable.swift */; };
		77F3CEC4237F4F8E00FA49B6 /* PlayInfoSource.swift in Sources */ = {isa = PBXBuildFile; fileRef = 77F3CEC3237F4F8E00FA49B6 /* PlayInfoSource.swift */; };
		77F65DFC2371E1CA00677DB8 /* MiniPlayer.storyboard in Resources */ = {isa = PBXBuildFile; fileRef = 77F65DFB2371E1CA00677DB8 /* MiniPlayer.storyboard */; };
		77F7CA6E23686FB800E1D64A /* ShowCRP.swift in Sources */ = {isa = PBXBuildFile; fileRef = 77F7CA6D23686FB800E1D64A /* ShowCRP.swift */; };
/* End PBXBuildFile section */

/* Begin PBXFileReference section */
		770282D9235C08AC000098DB /* MiniPlayerViewController.swift */ = {isa = PBXFileReference; lastKnownFileType = sourcecode.swift; path = MiniPlayerViewController.swift; sourceTree = "<group>"; };
		770282DB235C08B9000098DB /* MiniPlayerViewModel.swift */ = {isa = PBXFileReference; lastKnownFileType = sourcecode.swift; path = MiniPlayerViewModel.swift; sourceTree = "<group>"; };
		770282DE235C27A7000098DB /* Bindable.swift */ = {isa = PBXFileReference; lastKnownFileType = sourcecode.swift; path = Bindable.swift; sourceTree = "<group>"; };
		770A6BFA23687AF400FDE4F6 /* GroupCRPProvider.swift */ = {isa = PBXFileReference; lastKnownFileType = sourcecode.swift; path = GroupCRPProvider.swift; sourceTree = "<group>"; };
		770A6BFC2368895100FDE4F6 /* ShowClient.swift */ = {isa = PBXFileReference; lastKnownFileType = sourcecode.swift; path = ShowClient.swift; sourceTree = "<group>"; };
		770A6BFE2368978500FDE4F6 /* Show.swift */ = {isa = PBXFileReference; lastKnownFileType = sourcecode.swift; path = Show.swift; sourceTree = "<group>"; };
		77236FA123677C3F009C80D0 /* ApiClient.swift */ = {isa = PBXFileReference; lastKnownFileType = sourcecode.swift; path = ApiClient.swift; sourceTree = "<group>"; };
		77236FA323677C56009C80D0 /* EndPoint.swift */ = {isa = PBXFileReference; lastKnownFileType = sourcecode.swift; path = EndPoint.swift; sourceTree = "<group>"; };
		77236FA823677F9B009C80D0 /* GrupoRPPResult.swift */ = {isa = PBXFileReference; lastKnownFileType = sourcecode.swift; path = GrupoRPPResult.swift; sourceTree = "<group>"; };
		77236FAB236786F8009C80D0 /* ShowRPP.swift */ = {isa = PBXFileReference; lastKnownFileType = sourcecode.swift; path = ShowRPP.swift; sourceTree = "<group>"; };
		77236FAE236787B2009C80D0 /* GroupRPPProvider.swift */ = {isa = PBXFileReference; lastKnownFileType = sourcecode.swift; path = GroupRPPProvider.swift; sourceTree = "<group>"; };
		7739E808235E4A610071882A /* RadioPlayer.swift */ = {isa = PBXFileReference; lastKnownFileType = sourcecode.swift; path = RadioPlayer.swift; sourceTree = "<group>"; };
		7739E80B235E4B980071882A /* ApiPlayer.swift */ = {isa = PBXFileReference; lastKnownFileType = sourcecode.swift; path = ApiPlayer.swift; sourceTree = "<group>"; };
		773D455A2368EE58007B755D /* FavoritesViewController.swift */ = {isa = PBXFileReference; lastKnownFileType = sourcecode.swift; path = FavoritesViewController.swift; sourceTree = "<group>"; };
		773D455C2368EE6E007B755D /* FavoritesViewModel.swift */ = {isa = PBXFileReference; lastKnownFileType = sourcecode.swift; path = FavoritesViewModel.swift; sourceTree = "<group>"; };
		77421B112358FEE500A23C79 /* RadiosPeru.app */ = {isa = PBXFileReference; explicitFileType = wrapper.application; includeInIndex = 0; path = RadiosPeru.app; sourceTree = BUILT_PRODUCTS_DIR; };
		77421B142358FEE500A23C79 /* AppDelegate.swift */ = {isa = PBXFileReference; lastKnownFileType = sourcecode.swift; path = AppDelegate.swift; sourceTree = "<group>"; };
		77421B192358FEE500A23C79 /* Base */ = {isa = PBXFileReference; lastKnownFileType = file.storyboard; name = Base; path = Base.lproj/Main.storyboard; sourceTree = "<group>"; };
		77421B1B2358FEE700A23C79 /* Assets.xcassets */ = {isa = PBXFileReference; lastKnownFileType = folder.assetcatalog; path = Assets.xcassets; sourceTree = "<group>"; };
		77421B1E2358FEE700A23C79 /* Base */ = {isa = PBXFileReference; lastKnownFileType = file.storyboard; name = Base; path = Base.lproj/LaunchScreen.storyboard; sourceTree = "<group>"; };
		77421B202358FEE700A23C79 /* Info.plist */ = {isa = PBXFileReference; lastKnownFileType = text.plist.xml; path = Info.plist; sourceTree = "<group>"; };
		77421B262359015C00A23C79 /* Popular.storyboard */ = {isa = PBXFileReference; lastKnownFileType = file.storyboard; path = Popular.storyboard; sourceTree = "<group>"; };
		77421B282359016700A23C79 /* Favorites.storyboard */ = {isa = PBXFileReference; lastKnownFileType = file.storyboard; path = Favorites.storyboard; sourceTree = "<group>"; };
		77421B2B2359116600A23C79 /* Player.storyboard */ = {isa = PBXFileReference; lastKnownFileType = file.storyboard; path = Player.storyboard; sourceTree = "<group>"; };
		774714602363A39100198D9E /* PlayingBarsView.swift */ = {isa = PBXFileReference; lastKnownFileType = sourcecode.swift; path = PlayingBarsView.swift; sourceTree = "<group>"; };
		774F0C9F23721555002852C3 /* MainViewController.swift */ = {isa = PBXFileReference; lastKnownFileType = sourcecode.swift; path = MainViewController.swift; sourceTree = "<group>"; };
		774F0CA12372163E002852C3 /* MainViewModel.swift */ = {isa = PBXFileReference; lastKnownFileType = sourcecode.swift; path = MainViewModel.swift; sourceTree = "<group>"; };
		774F0CA42372199D002852C3 /* TabBarViewController.swift */ = {isa = PBXFileReference; lastKnownFileType = sourcecode.swift; path = TabBarViewController.swift; sourceTree = "<group>"; };
		7755B51D2359F1E2004E642B /* PlayerViewController.swift */ = {isa = PBXFileReference; lastKnownFileType = sourcecode.swift; path = PlayerViewController.swift; sourceTree = "<group>"; };
		7755B521235A1241004E642B /* PopularViewController.swift */ = {isa = PBXFileReference; lastKnownFileType = sourcecode.swift; path = PopularViewController.swift; sourceTree = "<group>"; };
		7755B523235A1350004E642B /* PopularViewModel.swift */ = {isa = PBXFileReference; lastKnownFileType = sourcecode.swift; path = PopularViewModel.swift; sourceTree = "<group>"; };
		7755B52B235A144F004E642B /* PopularViewCell.swift */ = {isa = PBXFileReference; lastKnownFileType = sourcecode.swift; path = PopularViewCell.swift; sourceTree = "<group>"; };
		7755B52C235A144F004E642B /* PopularViewCell.xib */ = {isa = PBXFileReference; lastKnownFileType = file.xib; path = PopularViewCell.xib; sourceTree = "<group>"; };
		7755B52F235A15D2004E642B /* PopularCellViewModel.swift */ = {isa = PBXFileReference; lastKnownFileType = sourcecode.swift; path = PopularCellViewModel.swift; sourceTree = "<group>"; };
		777CEDC823D90C5300FCD04B /* Observable.swift */ = {isa = PBXFileReference; lastKnownFileType = sourcecode.swift; path = Observable.swift; sourceTree = "<group>"; };
		777CEDCA23D90C6500FCD04B /* StoryboardInstantiable.swift */ = {isa = PBXFileReference; lastKnownFileType = sourcecode.swift; path = StoryboardInstantiable.swift; sourceTree = "<group>"; };
		777CEDCC23D90C6F00FCD04B /* SimpleViewState.swift */ = {isa = PBXFileReference; lastKnownFileType = sourcecode.swift; path = SimpleViewState.swift; sourceTree = "<group>"; };
		77964890235A569900813C48 /* PlayerViewModel.swift */ = {isa = PBXFileReference; lastKnownFileType = sourcecode.swift; path = PlayerViewModel.swift; sourceTree = "<group>"; };
		779DF55F23634D8C001F034F /* LoadingPlayerView.swift */ = {isa = PBXFileReference; lastKnownFileType = sourcecode.swift; path = LoadingPlayerView.swift; sourceTree = "<group>"; };
		77B9469A235AD7D7006C3EEA /* Interactor.swift */ = {isa = PBXFileReference; lastKnownFileType = sourcecode.swift; path = Interactor.swift; sourceTree = "<group>"; };
		77B9469C235AD7E6006C3EEA /* DismissAnimator.swift */ = {isa = PBXFileReference; lastKnownFileType = sourcecode.swift; path = DismissAnimator.swift; sourceTree = "<group>"; };
		77BBC0FC2382FC2D00F3CA81 /* RadioPlayerObserver.swift */ = {isa = PBXFileReference; lastKnownFileType = sourcecode.swift; path = RadioPlayerObserver.swift; sourceTree = "<group>"; };
		77C6B0A423848E8C0085C0D0 /* InitialNavigationController.swift */ = {isa = PBXFileReference; lastKnownFileType = sourcecode.swift; path = InitialNavigationController.swift; sourceTree = "<group>"; };
		77CA145A23689CB9001BF04E /* ApiError.swift */ = {isa = PBXFileReference; lastKnownFileType = sourcecode.swift; path = ApiError.swift; sourceTree = "<group>"; };
		77D51744237C988B00B7DCC9 /* Station.swift */ = {isa = PBXFileReference; lastKnownFileType = sourcecode.swift; path = Station.swift; sourceTree = "<group>"; };
		77D51746237C989200B7DCC9 /* StationFavorite.swift */ = {isa = PBXFileReference; lastKnownFileType = sourcecode.swift; path = StationFavorite.swift; sourceTree = "<group>"; };
		77D51749237C98B300B7DCC9 /* PersistenceStore.swift */ = {isa = PBXFileReference; lastKnownFileType = sourcecode.swift; path = PersistenceStore.swift; sourceTree = "<group>"; };
		77D5174B237C98C300B7DCC9 /* PersistenceStore+Station.swift */ = {isa = PBXFileReference; lastKnownFileType = sourcecode.swift; path = "PersistenceStore+Station.swift"; sourceTree = "<group>"; };
		77D5174D237C98CE00B7DCC9 /* PersistenceStore+StationFavorite.swift */ = {isa = PBXFileReference; lastKnownFileType = sourcecode.swift; path = "PersistenceStore+StationFavorite.swift"; sourceTree = "<group>"; };
		77D51750237C98E800B7DCC9 /* Managed.swift */ = {isa = PBXFileReference; lastKnownFileType = sourcecode.swift; path = Managed.swift; sourceTree = "<group>"; };
		77D51752237C98FB00B7DCC9 /* NSManagedObjectContext+Extension.swift */ = {isa = PBXFileReference; lastKnownFileType = sourcecode.swift; path = "NSManagedObjectContext+Extension.swift"; sourceTree = "<group>"; };
		77D51754237C990800B7DCC9 /* CodingUserInfoKey.swift */ = {isa = PBXFileReference; lastKnownFileType = sourcecode.swift; path = CodingUserInfoKey.swift; sourceTree = "<group>"; };
		77D51757237C992300B7DCC9 /* PersistenceManager.swift */ = {isa = PBXFileReference; lastKnownFileType = sourcecode.swift; path = PersistenceManager.swift; sourceTree = "<group>"; };
		77D5175A237C9A8300B7DCC9 /* RadiosPeru.xcdatamodel */ = {isa = PBXFileReference; lastKnownFileType = wrapper.xcdatamodel; path = RadiosPeru.xcdatamodel; sourceTree = "<group>"; };
		77D5175C237C9BAE00B7DCC9 /* Group.swift */ = {isa = PBXFileReference; lastKnownFileType = sourcecode.swift; path = Group.swift; sourceTree = "<group>"; };
		77D5175F237C9CD500B7DCC9 /* Base */ = {isa = PBXFileReference; lastKnownFileType = file.storyboard; name = Base; path = RadiosPeru/StoryBoards/Base.lproj/MainTabBar.storyboard; sourceTree = "<group>"; };
		77D51761237C9DA500B7DCC9 /* InitialViewController.swift */ = {isa = PBXFileReference; lastKnownFileType = sourcecode.swift; path = InitialViewController.swift; sourceTree = "<group>"; };
		77D51763237C9DB200B7DCC9 /* InitialViewModel.swift */ = {isa = PBXFileReference; lastKnownFileType = sourcecode.swift; path = InitialViewModel.swift; sourceTree = "<group>"; };
		77D51765237C9FD200B7DCC9 /* StationResult.swift */ = {isa = PBXFileReference; lastKnownFileType = sourcecode.swift; path = StationResult.swift; sourceTree = "<group>"; };
		77D51767237CA04400B7DCC9 /* StationProvider.swift */ = {isa = PBXFileReference; lastKnownFileType = sourcecode.swift; path = StationProvider.swift; sourceTree = "<group>"; };
		77D51769237CA04B00B7DCC9 /* StationClient.swift */ = {isa = PBXFileReference; lastKnownFileType = sourcecode.swift; path = StationClient.swift; sourceTree = "<group>"; };
		77E5AF6223D9F39800509BC2 /* ShowRPP+Decodable.swift */ = {isa = PBXFileReference; lastKnownFileType = sourcecode.swift; path = "ShowRPP+Decodable.swift"; sourceTree = "<group>"; };
		77E5AF6523D9F45200509BC2 /* ShowCRP+Decodable.swift */ = {isa = PBXFileReference; lastKnownFileType = sourcecode.swift; path = "ShowCRP+Decodable.swift"; sourceTree = "<group>"; };
		77E5AF6723D9F52D00509BC2 /* Group+Decodable.swift */ = {isa = PBXFileReference; lastKnownFileType = sourcecode.swift; path = "Group+Decodable.swift"; sourceTree = "<group>"; };
		77E5AF6923D9F66D00509BC2 /* GrupoRPPResult+Decodable.swift */ = {isa = PBXFileReference; lastKnownFileType = sourcecode.swift; path = "GrupoRPPResult+Decodable.swift"; sourceTree = "<group>"; };
		77F3CEC3237F4F8E00FA49B6 /* PlayInfoSource.swift */ = {isa = PBXFileReference; lastKnownFileType = sourcecode.swift; path = PlayInfoSource.swift; sourceTree = "<group>"; };
		77F65DFB2371E1CA00677DB8 /* MiniPlayer.storyboard */ = {isa = PBXFileReference; fileEncoding = 4; lastKnownFileType = file.storyboard; path = MiniPlayer.storyboard; sourceTree = "<group>"; };
		77F7CA6D23686FB800E1D64A /* ShowCRP.swift */ = {isa = PBXFileReference; lastKnownFileType = sourcecode.swift; path = ShowCRP.swift; sourceTree = "<group>"; };
/* End PBXFileReference section */

/* Begin PBXFrameworksBuildPhase section */
		77421B0E2358FEE500A23C79 /* Frameworks */ = {
			isa = PBXFrameworksBuildPhase;
			buildActionMask = 2147483647;
			files = (
			);
			runOnlyForDeploymentPostprocessing = 0;
		};
/* End PBXFrameworksBuildPhase section */

/* Begin PBXGroup section */
		770282DD235C08BD000098DB /* MiniPlayer */ = {
			isa = PBXGroup;
			children = (
				770282D9235C08AC000098DB /* MiniPlayerViewController.swift */,
				770282DB235C08B9000098DB /* MiniPlayerViewModel.swift */,
			);
			path = MiniPlayer;
			sourceTree = "<group>";
		};
		77236FA723677C67009C80D0 /* Network */ = {
			isa = PBXGroup;
			children = (
				77236FA123677C3F009C80D0 /* ApiClient.swift */,
				77236FA323677C56009C80D0 /* EndPoint.swift */,
				77CA145A23689CB9001BF04E /* ApiError.swift */,
				770A6BFC2368895100FDE4F6 /* ShowClient.swift */,
				77D51769237CA04B00B7DCC9 /* StationClient.swift */,
			);
			path = Network;
			sourceTree = "<group>";
		};
		77236FAD236786FE009C80D0 /* Entities */ = {
			isa = PBXGroup;
			children = (
				770A6BFE2368978500FDE4F6 /* Show.swift */,
				77E5AF6B23D9F85500509BC2 /* Rpp */,
				77E5AF6C23D9F88900509BC2 /* Crp */,
				77D5175C237C9BAE00B7DCC9 /* Group.swift */,
				77D51765237C9FD200B7DCC9 /* StationResult.swift */,
			);
			path = Entities;
			sourceTree = "<group>";
		};
		7739E80A235E4A690071882A /* Libraries */ = {
			isa = PBXGroup;
			children = (
				7739E808235E4A610071882A /* RadioPlayer.swift */,
				77BBC0FC2382FC2D00F3CA81 /* RadioPlayerObserver.swift */,
				7739E80B235E4B980071882A /* ApiPlayer.swift */,
				77F3CEC3237F4F8E00FA49B6 /* PlayInfoSource.swift */,
			);
			path = Libraries;
			sourceTree = "<group>";
		};
		773D455E2368EE72007B755D /* Favorites */ = {
			isa = PBXGroup;
			children = (
				773D455A2368EE58007B755D /* FavoritesViewController.swift */,
				773D455C2368EE6E007B755D /* FavoritesViewModel.swift */,
			);
			path = Favorites;
			sourceTree = "<group>";
		};
		77421B082358FEE500A23C79 = {
			isa = PBXGroup;
			children = (
				77421B132358FEE500A23C79 /* RadiosPeru */,
				77421B122358FEE500A23C79 /* Products */,
			);
			sourceTree = "<group>";
		};
		77421B122358FEE500A23C79 /* Products */ = {
			isa = PBXGroup;
			children = (
				77421B112358FEE500A23C79 /* RadiosPeru.app */,
			);
			name = Products;
			sourceTree = "<group>";
		};
		77421B132358FEE500A23C79 /* RadiosPeru */ = {
			isa = PBXGroup;
			children = (
				777CEDD123D90CB000FCD04B /* Application */,
				77E5AF5D23D9F0C200509BC2 /* Domain */,
				777CEDCF23D90C8200FCD04B /* Presentation */,
				77E5AF6023D9F31800509BC2 /* Data */,
				77D51743237C985100B7DCC9 /* Core Data */,
				77E5AF6123D9F35B00509BC2 /* Infraestructure */,
				7755B525235A13E9004E642B /* Scenes */,
				7739E80A235E4A690071882A /* Libraries */,
				77B9469E235AD802006C3EEA /* Helpers */,
				7755B529235A141A004E642B /* ViewComponents */,
				77421B2A235901AE00A23C79 /* StoryBoards */,
				777CEDD023D90CA100FCD04B /* Resources */,
				77D51759237C9A8300B7DCC9 /* RadiosPeru.xcdatamodeld */,
			);
			path = RadiosPeru;
			sourceTree = "<group>";
		};
		77421B2A235901AE00A23C79 /* StoryBoards */ = {
			isa = PBXGroup;
			children = (
				77421B182358FEE500A23C79 /* Main.storyboard */,
				77D5175E237C9CD500B7DCC9 /* MainTabBar.storyboard */,
				77421B262359015C00A23C79 /* Popular.storyboard */,
				77421B282359016700A23C79 /* Favorites.storyboard */,
				77421B2B2359116600A23C79 /* Player.storyboard */,
				77F65DFB2371E1CA00677DB8 /* MiniPlayer.storyboard */,
			);
			path = StoryBoards;
			sourceTree = "<group>";
		};
		774714622363A39500198D9E /* MiniPlayer */ = {
			isa = PBXGroup;
			children = (
				779DF55F23634D8C001F034F /* LoadingPlayerView.swift */,
				774714602363A39100198D9E /* PlayingBarsView.swift */,
			);
			path = MiniPlayer;
			sourceTree = "<group>";
		};
		774F0CA3237218BB002852C3 /* Main */ = {
			isa = PBXGroup;
			children = (
				774F0C9F23721555002852C3 /* MainViewController.swift */,
				774F0CA12372163E002852C3 /* MainViewModel.swift */,
			);
			path = Main;
			sourceTree = "<group>";
		};
		774F0CA6237219A3002852C3 /* TabBar */ = {
			isa = PBXGroup;
			children = (
				774F0CA42372199D002852C3 /* TabBarViewController.swift */,
			);
			path = TabBar;
			sourceTree = "<group>";
		};
		7755B525235A13E9004E642B /* Scenes */ = {
			isa = PBXGroup;
			children = (
				77D51761237C9DA500B7DCC9 /* InitialViewController.swift */,
				77D51763237C9DB200B7DCC9 /* InitialViewModel.swift */,
				77C6B0A623849FCC0085C0D0 /* NavigationController */,
				774F0CA3237218BB002852C3 /* Main */,
				774F0CA6237219A3002852C3 /* TabBar */,
				7755B526235A13F0004E642B /* Popular */,
				773D455E2368EE72007B755D /* Favorites */,
				77964892235A569D00813C48 /* Player */,
				770282DD235C08BD000098DB /* MiniPlayer */,
			);
			path = Scenes;
			sourceTree = "<group>";
		};
		7755B526235A13F0004E642B /* Popular */ = {
			isa = PBXGroup;
			children = (
				7755B521235A1241004E642B /* PopularViewController.swift */,
				7755B523235A1350004E642B /* PopularViewModel.swift */,
			);
			path = Popular;
			sourceTree = "<group>";
		};
		7755B529235A141A004E642B /* ViewComponents */ = {
			isa = PBXGroup;
			children = (
				7755B52A235A142B004E642B /* Cells */,
				779DF56123634D90001F034F /* Views */,
			);
			path = ViewComponents;
			sourceTree = "<group>";
		};
		7755B52A235A142B004E642B /* Cells */ = {
			isa = PBXGroup;
			children = (
				7755B52B235A144F004E642B /* PopularViewCell.swift */,
				7755B52F235A15D2004E642B /* PopularCellViewModel.swift */,
				7755B52C235A144F004E642B /* PopularViewCell.xib */,
			);
			path = Cells;
			sourceTree = "<group>";
		};
		777CEDCE23D90C7A00FCD04B /* Utils */ = {
			isa = PBXGroup;
			children = (
				777CEDC823D90C5300FCD04B /* Observable.swift */,
				777CEDCA23D90C6500FCD04B /* StoryboardInstantiable.swift */,
				777CEDCC23D90C6F00FCD04B /* SimpleViewState.swift */,
			);
			path = Utils;
			sourceTree = "<group>";
		};
		777CEDCF23D90C8200FCD04B /* Presentation */ = {
			isa = PBXGroup;
			children = (
				777CEDCE23D90C7A00FCD04B /* Utils */,
			);
			path = Presentation;
			sourceTree = "<group>";
		};
		777CEDD023D90CA100FCD04B /* Resources */ = {
			isa = PBXGroup;
			children = (
				77421B1D2358FEE700A23C79 /* LaunchScreen.storyboard */,
				77421B1B2358FEE700A23C79 /* Assets.xcassets */,
				77421B202358FEE700A23C79 /* Info.plist */,
			);
			path = Resources;
			sourceTree = "<group>";
		};
		777CEDD123D90CB000FCD04B /* Application */ = {
			isa = PBXGroup;
			children = (
				77421B142358FEE500A23C79 /* AppDelegate.swift */,
			);
			path = Application;
			sourceTree = "<group>";
		};
		77964892235A569D00813C48 /* Player */ = {
			isa = PBXGroup;
			children = (
				7755B51D2359F1E2004E642B /* PlayerViewController.swift */,
				77964890235A569900813C48 /* PlayerViewModel.swift */,
			);
			path = Player;
			sourceTree = "<group>";
		};
		779DF56123634D90001F034F /* Views */ = {
			isa = PBXGroup;
			children = (
				774714622363A39500198D9E /* MiniPlayer */,
			);
			path = Views;
			sourceTree = "<group>";
		};
		77B9469E235AD802006C3EEA /* Helpers */ = {
			isa = PBXGroup;
			children = (
				77B9469F235AD80D006C3EEA /* Transitions */,
				770282DE235C27A7000098DB /* Bindable.swift */,
			);
			path = Helpers;
			sourceTree = "<group>";
		};
		77B9469F235AD80D006C3EEA /* Transitions */ = {
			isa = PBXGroup;
			children = (
				77B9469A235AD7D7006C3EEA /* Interactor.swift */,
				77B9469C235AD7E6006C3EEA /* DismissAnimator.swift */,
			);
			path = Transitions;
			sourceTree = "<group>";
		};
		77C6B0A623849FCC0085C0D0 /* NavigationController */ = {
			isa = PBXGroup;
			children = (
				77C6B0A423848E8C0085C0D0 /* InitialNavigationController.swift */,
			);
			path = NavigationController;
			sourceTree = "<group>";
		};
		77D51743237C985100B7DCC9 /* Core Data */ = {
			isa = PBXGroup;
			children = (
				77F65DFA2371B8AE00677DB8 /* Managers */,
				77D51748237C989700B7DCC9 /* Entities */,
				77D5174F237C98D400B7DCC9 /* Stores */,
				77D51756237C990C00B7DCC9 /* Extensions */,
			);
			path = "Core Data";
			sourceTree = "<group>";
		};
		77D51748237C989700B7DCC9 /* Entities */ = {
			isa = PBXGroup;
			children = (
				77D51744237C988B00B7DCC9 /* Station.swift */,
				77D51746237C989200B7DCC9 /* StationFavorite.swift */,
			);
			path = Entities;
			sourceTree = "<group>";
		};
		77D5174F237C98D400B7DCC9 /* Stores */ = {
			isa = PBXGroup;
			children = (
				77D51749237C98B300B7DCC9 /* PersistenceStore.swift */,
				77D5174B237C98C300B7DCC9 /* PersistenceStore+Station.swift */,
				77D5174D237C98CE00B7DCC9 /* PersistenceStore+StationFavorite.swift */,
			);
			path = Stores;
			sourceTree = "<group>";
		};
		77D51756237C990C00B7DCC9 /* Extensions */ = {
			isa = PBXGroup;
			children = (
				77D51750237C98E800B7DCC9 /* Managed.swift */,
				77D51752237C98FB00B7DCC9 /* NSManagedObjectContext+Extension.swift */,
				77D51754237C990800B7DCC9 /* CodingUserInfoKey.swift */,
			);
			path = Extensions;
			sourceTree = "<group>";
		};
		77E5AF5D23D9F0C200509BC2 /* Domain */ = {
			isa = PBXGroup;
			children = (
				77236FAD236786FE009C80D0 /* Entities */,
			);
			path = Domain;
			sourceTree = "<group>";
		};
		77E5AF5E23D9F30900509BC2 /* Providers */ = {
			isa = PBXGroup;
			children = (
				77236FAE236787B2009C80D0 /* GroupRPPProvider.swift */,
				770A6BFA23687AF400FDE4F6 /* GroupCRPProvider.swift */,
				77D51767237CA04400B7DCC9 /* StationProvider.swift */,
			);
			path = Providers;
			sourceTree = "<group>";
		};
		77E5AF5F23D9F31100509BC2 /* Network */ = {
			isa = PBXGroup;
			children = (
				77E5AF5E23D9F30900509BC2 /* Providers */,
				77E5AF6423D9F39B00509BC2 /* DataMapping */,
			);
			path = Network;
			sourceTree = "<group>";
		};
		77E5AF6023D9F31800509BC2 /* Data */ = {
			isa = PBXGroup;
			children = (
				77E5AF5F23D9F31100509BC2 /* Network */,
			);
			path = Data;
			sourceTree = "<group>";
		};
		77E5AF6123D9F35B00509BC2 /* Infraestructure */ = {
			isa = PBXGroup;
			children = (
				77236FA723677C67009C80D0 /* Network */,
			);
			path = Infraestructure;
			sourceTree = "<group>";
		};
		77E5AF6423D9F39B00509BC2 /* DataMapping */ = {
			isa = PBXGroup;
			children = (
				77E5AF6223D9F39800509BC2 /* ShowRPP+Decodable.swift */,
				77E5AF6523D9F45200509BC2 /* ShowCRP+Decodable.swift */,
				77E5AF6723D9F52D00509BC2 /* Group+Decodable.swift */,
				77E5AF6923D9F66D00509BC2 /* GrupoRPPResult+Decodable.swift */,
			);
			path = DataMapping;
			sourceTree = "<group>";
		};
		77E5AF6B23D9F85500509BC2 /* Rpp */ = {
			isa = PBXGroup;
			children = (
				77236FA823677F9B009C80D0 /* GrupoRPPResult.swift */,
				77236FAB236786F8009C80D0 /* ShowRPP.swift */,
			);
			path = Rpp;
			sourceTree = "<group>";
		};
		77E5AF6C23D9F88900509BC2 /* Crp */ = {
			isa = PBXGroup;
			children = (
				77F7CA6D23686FB800E1D64A /* ShowCRP.swift */,
			);
			path = Crp;
			sourceTree = "<group>";
		};
		77F65DFA2371B8AE00677DB8 /* Managers */ = {
			isa = PBXGroup;
			children = (
				77D51757237C992300B7DCC9 /* PersistenceManager.swift */,
			);
			path = Managers;
			sourceTree = "<group>";
		};
/* End PBXGroup section */

/* Begin PBXNativeTarget section */
		77421B102358FEE500A23C79 /* RadiosPeru */ = {
			isa = PBXNativeTarget;
			buildConfigurationList = 77421B232358FEE700A23C79 /* Build configuration list for PBXNativeTarget "RadiosPeru" */;
			buildPhases = (
				77421B0D2358FEE500A23C79 /* Sources */,
				77421B0E2358FEE500A23C79 /* Frameworks */,
				77421B0F2358FEE500A23C79 /* Resources */,
			);
			buildRules = (
			);
			dependencies = (
			);
			name = RadiosPeru;
			productName = RadiosPeru;
			productReference = 77421B112358FEE500A23C79 /* RadiosPeru.app */;
			productType = "com.apple.product-type.application";
		};
/* End PBXNativeTarget section */

/* Begin PBXProject section */
		77421B092358FEE500A23C79 /* Project object */ = {
			isa = PBXProject;
			attributes = {
				LastSwiftUpdateCheck = 1030;
				LastUpgradeCheck = 1030;
				ORGANIZATIONNAME = Jeans;
				TargetAttributes = {
					77421B102358FEE500A23C79 = {
						CreatedOnToolsVersion = 10.3;
						SystemCapabilities = {
							com.apple.BackgroundModes = {
								enabled = 1;
							};
						};
					};
				};
			};
			buildConfigurationList = 77421B0C2358FEE500A23C79 /* Build configuration list for PBXProject "RadiosPeru" */;
			compatibilityVersion = "Xcode 9.3";
			developmentRegion = en;
			hasScannedForEncodings = 0;
			knownRegions = (
				en,
				Base,
			);
			mainGroup = 77421B082358FEE500A23C79;
			productRefGroup = 77421B122358FEE500A23C79 /* Products */;
			projectDirPath = "";
			projectRoot = "";
			targets = (
				77421B102358FEE500A23C79 /* RadiosPeru */,
			);
		};
/* End PBXProject section */

/* Begin PBXResourcesBuildPhase section */
		77421B0F2358FEE500A23C79 /* Resources */ = {
			isa = PBXResourcesBuildPhase;
			buildActionMask = 2147483647;
			files = (
				77D51760237C9CD500B7DCC9 /* MainTabBar.storyboard in Resources */,
				77421B272359015C00A23C79 /* Popular.storyboard in Resources */,
				77421B1F2358FEE700A23C79 /* LaunchScreen.storyboard in Resources */,
				77421B1C2358FEE700A23C79 /* Assets.xcassets in Resources */,
				77421B1A2358FEE500A23C79 /* Main.storyboard in Resources */,
				7755B52E235A144F004E642B /* PopularViewCell.xib in Resources */,
				77421B292359016700A23C79 /* Favorites.storyboard in Resources */,
				77F65DFC2371E1CA00677DB8 /* MiniPlayer.storyboard in Resources */,
				77421B2C2359116600A23C79 /* Player.storyboard in Resources */,
			);
			runOnlyForDeploymentPostprocessing = 0;
		};
/* End PBXResourcesBuildPhase section */

/* Begin PBXSourcesBuildPhase section */
		77421B0D2358FEE500A23C79 /* Sources */ = {
			isa = PBXSourcesBuildPhase;
			buildActionMask = 2147483647;
			files = (
				774F0CA52372199D002852C3 /* TabBarViewController.swift in Sources */,
				773D455D2368EE6E007B755D /* FavoritesViewModel.swift in Sources */,
				77D51758237C992300B7DCC9 /* PersistenceManager.swift in Sources */,
				770282DF235C27A7000098DB /* Bindable.swift in Sources */,
				77BBC0FD2382FC2D00F3CA81 /* RadioPlayerObserver.swift in Sources */,
				77D5175D237C9BAE00B7DCC9 /* Group.swift in Sources */,
				7739E80C235E4B980071882A /* ApiPlayer.swift in Sources */,
				773D455B2368EE58007B755D /* FavoritesViewController.swift in Sources */,
				77E5AF6623D9F45200509BC2 /* ShowCRP+Decodable.swift in Sources */,
				77D51751237C98E800B7DCC9 /* Managed.swift in Sources */,
				77D5175B237C9A8300B7DCC9 /* RadiosPeru.xcdatamodeld in Sources */,
				77964891235A569900813C48 /* PlayerViewModel.swift in Sources */,
				77D51753237C98FB00B7DCC9 /* NSManagedObjectContext+Extension.swift in Sources */,
				77D51747237C989200B7DCC9 /* StationFavorite.swift in Sources */,
				770282DA235C08AC000098DB /* MiniPlayerViewController.swift in Sources */,
				770A6BFB23687AF400FDE4F6 /* GroupCRPProvider.swift in Sources */,
				77236FA923677F9B009C80D0 /* GrupoRPPResult.swift in Sources */,
				77E5AF6A23D9F66D00509BC2 /* GrupoRPPResult+Decodable.swift in Sources */,
				77D5176A237CA04B00B7DCC9 /* StationClient.swift in Sources */,
				770282DC235C08B9000098DB /* MiniPlayerViewModel.swift in Sources */,
				774F0CA023721555002852C3 /* MainViewController.swift in Sources */,
				7755B524235A1350004E642B /* PopularViewModel.swift in Sources */,
				7755B522235A1241004E642B /* PopularViewController.swift in Sources */,
				77236FAC236786F8009C80D0 /* ShowRPP.swift in Sources */,
				774714612363A39100198D9E /* PlayingBarsView.swift in Sources */,
				77D51755237C990800B7DCC9 /* CodingUserInfoKey.swift in Sources */,
				77B9469D235AD7E6006C3EEA /* DismissAnimator.swift in Sources */,
				77D5174A237C98B300B7DCC9 /* PersistenceStore.swift in Sources */,
				779DF56023634D8C001F034F /* LoadingPlayerView.swift in Sources */,
				77D51768237CA04400B7DCC9 /* StationProvider.swift in Sources */,
				77CA145B23689CB9001BF04E /* ApiError.swift in Sources */,
				77C6B0A523848E8C0085C0D0 /* InitialNavigationController.swift in Sources */,
				77B9469B235AD7D7006C3EEA /* Interactor.swift in Sources */,
				77D5174E237C98CE00B7DCC9 /* PersistenceStore+StationFavorite.swift in Sources */,
				77D51745237C988B00B7DCC9 /* Station.swift in Sources */,
				77236FA423677C56009C80D0 /* EndPoint.swift in Sources */,
				77E5AF6823D9F52D00509BC2 /* Group+Decodable.swift in Sources */,
				77236FA223677C3F009C80D0 /* ApiClient.swift in Sources */,
				777CEDCD23D90C6F00FCD04B /* SimpleViewState.swift in Sources */,
				77D5174C237C98C300B7DCC9 /* PersistenceStore+Station.swift in Sources */,
				77E5AF6323D9F39800509BC2 /* ShowRPP+Decodable.swift in Sources */,
				77F3CEC4237F4F8E00FA49B6 /* PlayInfoSource.swift in Sources */,
				7739E809235E4A610071882A /* RadioPlayer.swift in Sources */,
				777CEDCB23D90C6500FCD04B /* StoryboardInstantiable.swift in Sources */,
				77D51766237C9FD200B7DCC9 /* StationResult.swift in Sources */,
				77236FAF236787B3009C80D0 /* GroupRPPProvider.swift in Sources */,
				7755B530235A15D2004E642B /* PopularCellViewModel.swift in Sources */,
				77D51762237C9DA500B7DCC9 /* InitialViewController.swift in Sources */,
				77F7CA6E23686FB800E1D64A /* ShowCRP.swift in Sources */,
				77421B152358FEE500A23C79 /* AppDelegate.swift in Sources */,
				770A6BFD2368895100FDE4F6 /* ShowClient.swift in Sources */,
				7755B51E2359F1E2004E642B /* PlayerViewController.swift in Sources */,
				777CEDC923D90C5300FCD04B /* Observable.swift in Sources */,
				770A6BFF2368978500FDE4F6 /* Show.swift in Sources */,
				77D51764237C9DB200B7DCC9 /* InitialViewModel.swift in Sources */,
				7755B52D235A144F004E642B /* PopularViewCell.swift in Sources */,
				774F0CA22372163E002852C3 /* MainViewModel.swift in Sources */,
			);
			runOnlyForDeploymentPostprocessing = 0;
		};
/* End PBXSourcesBuildPhase section */

/* Begin PBXVariantGroup section */
		77421B182358FEE500A23C79 /* Main.storyboard */ = {
			isa = PBXVariantGroup;
			children = (
				77421B192358FEE500A23C79 /* Base */,
			);
			name = Main.storyboard;
			sourceTree = "<group>";
		};
		77421B1D2358FEE700A23C79 /* LaunchScreen.storyboard */ = {
			isa = PBXVariantGroup;
			children = (
				77421B1E2358FEE700A23C79 /* Base */,
			);
			name = LaunchScreen.storyboard;
			sourceTree = "<group>";
		};
		77D5175E237C9CD500B7DCC9 /* MainTabBar.storyboard */ = {
			isa = PBXVariantGroup;
			children = (
				77D5175F237C9CD500B7DCC9 /* Base */,
			);
			name = MainTabBar.storyboard;
			sourceTree = "<group>";
		};
/* End PBXVariantGroup section */

/* Begin XCBuildConfiguration section */
		77421B212358FEE700A23C79 /* Debug */ = {
			isa = XCBuildConfiguration;
			buildSettings = {
				ALWAYS_SEARCH_USER_PATHS = NO;
				CLANG_ANALYZER_NONNULL = YES;
				CLANG_ANALYZER_NUMBER_OBJECT_CONVERSION = YES_AGGRESSIVE;
				CLANG_CXX_LANGUAGE_STANDARD = "gnu++14";
				CLANG_CXX_LIBRARY = "libc++";
				CLANG_ENABLE_MODULES = YES;
				CLANG_ENABLE_OBJC_ARC = YES;
				CLANG_ENABLE_OBJC_WEAK = YES;
				CLANG_WARN_BLOCK_CAPTURE_AUTORELEASING = YES;
				CLANG_WARN_BOOL_CONVERSION = YES;
				CLANG_WARN_COMMA = YES;
				CLANG_WARN_CONSTANT_CONVERSION = YES;
				CLANG_WARN_DEPRECATED_OBJC_IMPLEMENTATIONS = YES;
				CLANG_WARN_DIRECT_OBJC_ISA_USAGE = YES_ERROR;
				CLANG_WARN_DOCUMENTATION_COMMENTS = YES;
				CLANG_WARN_EMPTY_BODY = YES;
				CLANG_WARN_ENUM_CONVERSION = YES;
				CLANG_WARN_INFINITE_RECURSION = YES;
				CLANG_WARN_INT_CONVERSION = YES;
				CLANG_WARN_NON_LITERAL_NULL_CONVERSION = YES;
				CLANG_WARN_OBJC_IMPLICIT_RETAIN_SELF = YES;
				CLANG_WARN_OBJC_LITERAL_CONVERSION = YES;
				CLANG_WARN_OBJC_ROOT_CLASS = YES_ERROR;
				CLANG_WARN_RANGE_LOOP_ANALYSIS = YES;
				CLANG_WARN_STRICT_PROTOTYPES = YES;
				CLANG_WARN_SUSPICIOUS_MOVE = YES;
				CLANG_WARN_UNGUARDED_AVAILABILITY = YES_AGGRESSIVE;
				CLANG_WARN_UNREACHABLE_CODE = YES;
				CLANG_WARN__DUPLICATE_METHOD_MATCH = YES;
				CODE_SIGN_IDENTITY = "iPhone Developer";
				COPY_PHASE_STRIP = NO;
				DEBUG_INFORMATION_FORMAT = dwarf;
				ENABLE_STRICT_OBJC_MSGSEND = YES;
				ENABLE_TESTABILITY = YES;
				GCC_C_LANGUAGE_STANDARD = gnu11;
				GCC_DYNAMIC_NO_PIC = NO;
				GCC_NO_COMMON_BLOCKS = YES;
				GCC_OPTIMIZATION_LEVEL = 0;
				GCC_PREPROCESSOR_DEFINITIONS = (
					"DEBUG=1",
					"$(inherited)",
				);
				GCC_WARN_64_TO_32_BIT_CONVERSION = YES;
				GCC_WARN_ABOUT_RETURN_TYPE = YES_ERROR;
				GCC_WARN_UNDECLARED_SELECTOR = YES;
				GCC_WARN_UNINITIALIZED_AUTOS = YES_AGGRESSIVE;
				GCC_WARN_UNUSED_FUNCTION = YES;
				GCC_WARN_UNUSED_VARIABLE = YES;
				IPHONEOS_DEPLOYMENT_TARGET = 12.4;
				MTL_ENABLE_DEBUG_INFO = INCLUDE_SOURCE;
				MTL_FAST_MATH = YES;
				ONLY_ACTIVE_ARCH = YES;
				SDKROOT = iphoneos;
				SWIFT_ACTIVE_COMPILATION_CONDITIONS = DEBUG;
				SWIFT_OPTIMIZATION_LEVEL = "-Onone";
			};
			name = Debug;
		};
		77421B222358FEE700A23C79 /* Release */ = {
			isa = XCBuildConfiguration;
			buildSettings = {
				ALWAYS_SEARCH_USER_PATHS = NO;
				CLANG_ANALYZER_NONNULL = YES;
				CLANG_ANALYZER_NUMBER_OBJECT_CONVERSION = YES_AGGRESSIVE;
				CLANG_CXX_LANGUAGE_STANDARD = "gnu++14";
				CLANG_CXX_LIBRARY = "libc++";
				CLANG_ENABLE_MODULES = YES;
				CLANG_ENABLE_OBJC_ARC = YES;
				CLANG_ENABLE_OBJC_WEAK = YES;
				CLANG_WARN_BLOCK_CAPTURE_AUTORELEASING = YES;
				CLANG_WARN_BOOL_CONVERSION = YES;
				CLANG_WARN_COMMA = YES;
				CLANG_WARN_CONSTANT_CONVERSION = YES;
				CLANG_WARN_DEPRECATED_OBJC_IMPLEMENTATIONS = YES;
				CLANG_WARN_DIRECT_OBJC_ISA_USAGE = YES_ERROR;
				CLANG_WARN_DOCUMENTATION_COMMENTS = YES;
				CLANG_WARN_EMPTY_BODY = YES;
				CLANG_WARN_ENUM_CONVERSION = YES;
				CLANG_WARN_INFINITE_RECURSION = YES;
				CLANG_WARN_INT_CONVERSION = YES;
				CLANG_WARN_NON_LITERAL_NULL_CONVERSION = YES;
				CLANG_WARN_OBJC_IMPLICIT_RETAIN_SELF = YES;
				CLANG_WARN_OBJC_LITERAL_CONVERSION = YES;
				CLANG_WARN_OBJC_ROOT_CLASS = YES_ERROR;
				CLANG_WARN_RANGE_LOOP_ANALYSIS = YES;
				CLANG_WARN_STRICT_PROTOTYPES = YES;
				CLANG_WARN_SUSPICIOUS_MOVE = YES;
				CLANG_WARN_UNGUARDED_AVAILABILITY = YES_AGGRESSIVE;
				CLANG_WARN_UNREACHABLE_CODE = YES;
				CLANG_WARN__DUPLICATE_METHOD_MATCH = YES;
				CODE_SIGN_IDENTITY = "iPhone Developer";
				COPY_PHASE_STRIP = NO;
				DEBUG_INFORMATION_FORMAT = "dwarf-with-dsym";
				ENABLE_NS_ASSERTIONS = NO;
				ENABLE_STRICT_OBJC_MSGSEND = YES;
				GCC_C_LANGUAGE_STANDARD = gnu11;
				GCC_NO_COMMON_BLOCKS = YES;
				GCC_WARN_64_TO_32_BIT_CONVERSION = YES;
				GCC_WARN_ABOUT_RETURN_TYPE = YES_ERROR;
				GCC_WARN_UNDECLARED_SELECTOR = YES;
				GCC_WARN_UNINITIALIZED_AUTOS = YES_AGGRESSIVE;
				GCC_WARN_UNUSED_FUNCTION = YES;
				GCC_WARN_UNUSED_VARIABLE = YES;
				IPHONEOS_DEPLOYMENT_TARGET = 12.4;
				MTL_ENABLE_DEBUG_INFO = NO;
				MTL_FAST_MATH = YES;
				SDKROOT = iphoneos;
				SWIFT_COMPILATION_MODE = wholemodule;
				SWIFT_OPTIMIZATION_LEVEL = "-O";
				VALIDATE_PRODUCT = YES;
			};
			name = Release;
		};
		77421B242358FEE700A23C79 /* Debug */ = {
			isa = XCBuildConfiguration;
			buildSettings = {
				ASSETCATALOG_COMPILER_APPICON_NAME = AppIcon;
				CODE_SIGN_IDENTITY = "iPhone Developer";
				CODE_SIGN_STYLE = Automatic;
				DEVELOPMENT_TEAM = DV4PUUR55B;
				INFOPLIST_FILE = RadiosPeru/Resources/Info.plist;
				LD_RUNPATH_SEARCH_PATHS = (
					"$(inherited)",
					"@executable_path/Frameworks",
				);
				PRODUCT_BUNDLE_IDENTIFIER = home.rcaos.RadiosPeru;
				PRODUCT_NAME = "$(TARGET_NAME)";
				PROVISIONING_PROFILE_SPECIFIER = "";
				SWIFT_VERSION = 5.0;
				TARGETED_DEVICE_FAMILY = "1,2";
			};
			name = Debug;
		};
		77421B252358FEE700A23C79 /* Release */ = {
			isa = XCBuildConfiguration;
			buildSettings = {
				ASSETCATALOG_COMPILER_APPICON_NAME = AppIcon;
				CODE_SIGN_IDENTITY = "iPhone Developer";
				CODE_SIGN_STYLE = Automatic;
				DEVELOPMENT_TEAM = DV4PUUR55B;
				INFOPLIST_FILE = RadiosPeru/Resources/Info.plist;
				LD_RUNPATH_SEARCH_PATHS = (
					"$(inherited)",
					"@executable_path/Frameworks",
				);
				PRODUCT_BUNDLE_IDENTIFIER = home.rcaos.RadiosPeru;
				PRODUCT_NAME = "$(TARGET_NAME)";
				PROVISIONING_PROFILE_SPECIFIER = "";
				SWIFT_VERSION = 5.0;
				TARGETED_DEVICE_FAMILY = "1,2";
			};
			name = Release;
		};
/* End XCBuildConfiguration section */

/* Begin XCConfigurationList section */
		77421B0C2358FEE500A23C79 /* Build configuration list for PBXProject "RadiosPeru" */ = {
			isa = XCConfigurationList;
			buildConfigurations = (
				77421B212358FEE700A23C79 /* Debug */,
				77421B222358FEE700A23C79 /* Release */,
			);
			defaultConfigurationIsVisible = 0;
			defaultConfigurationName = Release;
		};
		77421B232358FEE700A23C79 /* Build configuration list for PBXNativeTarget "RadiosPeru" */ = {
			isa = XCConfigurationList;
			buildConfigurations = (
				77421B242358FEE700A23C79 /* Debug */,
				77421B252358FEE700A23C79 /* Release */,
			);
			defaultConfigurationIsVisible = 0;
			defaultConfigurationName = Release;
		};
/* End XCConfigurationList section */

/* Begin XCVersionGroup section */
		77D51759237C9A8300B7DCC9 /* RadiosPeru.xcdatamodeld */ = {
			isa = XCVersionGroup;
			children = (
				77D5175A237C9A8300B7DCC9 /* RadiosPeru.xcdatamodel */,
			);
			currentVersion = 77D5175A237C9A8300B7DCC9 /* RadiosPeru.xcdatamodel */;
			path = RadiosPeru.xcdatamodeld;
			sourceTree = "<group>";
			versionGroupType = wrapper.xcdatamodel;
		};
/* End XCVersionGroup section */
	};
	rootObject = 77421B092358FEE500A23C79 /* Project object */;
}
