// !$*UTF8*$!
{
	archiveVersion = 1;
	classes = {
	};
	objectVersion = 52;
	objects = {

/* Begin PBXBuildFile section */
		770282DA235C08AC000098DB /* MiniPlayerViewController.swift in Sources */ = {isa = PBXBuildFile; fileRef = 770282D9235C08AC000098DB /* MiniPlayerViewController.swift */; };
		770282DC235C08B9000098DB /* MiniPlayerViewModel.swift in Sources */ = {isa = PBXBuildFile; fileRef = 770282DB235C08B9000098DB /* MiniPlayerViewModel.swift */; };
		770A6BFB23687AF400FDE4F6 /* GroupCRPProvider.swift in Sources */ = {isa = PBXBuildFile; fileRef = 770A6BFA23687AF400FDE4F6 /* GroupCRPProvider.swift */; };
		770A6BFF2368978500FDE4F6 /* Show.swift in Sources */ = {isa = PBXBuildFile; fileRef = 770A6BFE2368978500FDE4F6 /* Show.swift */; };
		771B23D1244A61A900260E97 /* stations.json in Resources */ = {isa = PBXBuildFile; fileRef = 771B23D0244A61A900260E97 /* stations.json */; };
		77236FA423677C56009C80D0 /* EndPoint.swift in Sources */ = {isa = PBXBuildFile; fileRef = 77236FA323677C56009C80D0 /* EndPoint.swift */; };
		77236FA923677F9B009C80D0 /* GroupRPPResult.swift in Sources */ = {isa = PBXBuildFile; fileRef = 77236FA823677F9B009C80D0 /* GroupRPPResult.swift */; };
		77236FAC236786F8009C80D0 /* ShowRPP.swift in Sources */ = {isa = PBXBuildFile; fileRef = 77236FAB236786F8009C80D0 /* ShowRPP.swift */; };
		77236FAF236787B3009C80D0 /* GroupRPPProvider.swift in Sources */ = {isa = PBXBuildFile; fileRef = 77236FAE236787B2009C80D0 /* GroupRPPProvider.swift */; };
		7726B51E2447DF690087AC84 /* SectionAiringToday.swift in Sources */ = {isa = PBXBuildFile; fileRef = 7726B51D2447DF690087AC84 /* SectionAiringToday.swift */; };
		772B267E23E1B7D700B0409B /* StationRemote+Decodable.swift in Sources */ = {isa = PBXBuildFile; fileRef = 772B267D23E1B7D700B0409B /* StationRemote+Decodable.swift */; };
		772F53DA2444F5720065E45C /* NSManagedObjectContext+Extensions.swift in Sources */ = {isa = PBXBuildFile; fileRef = 772F53D92444F5720065E45C /* NSManagedObjectContext+Extensions.swift */; };
		7739E809235E4A610071882A /* RadioPlayer.swift in Sources */ = {isa = PBXBuildFile; fileRef = 7739E808235E4A610071882A /* RadioPlayer.swift */; };
		7739E80C235E4B980071882A /* ApiPlayer.swift in Sources */ = {isa = PBXBuildFile; fileRef = 7739E80B235E4B980071882A /* ApiPlayer.swift */; };
		773D455B2368EE58007B755D /* FavoritesViewController.swift in Sources */ = {isa = PBXBuildFile; fileRef = 773D455A2368EE58007B755D /* FavoritesViewController.swift */; };
		773D455D2368EE6E007B755D /* FavoritesViewModel.swift in Sources */ = {isa = PBXBuildFile; fileRef = 773D455C2368EE6E007B755D /* FavoritesViewModel.swift */; };
		77421B152358FEE500A23C79 /* AppDelegate.swift in Sources */ = {isa = PBXBuildFile; fileRef = 77421B142358FEE500A23C79 /* AppDelegate.swift */; };
		77421B1C2358FEE700A23C79 /* Assets.xcassets in Resources */ = {isa = PBXBuildFile; fileRef = 77421B1B2358FEE700A23C79 /* Assets.xcassets */; };
		77421B1F2358FEE700A23C79 /* LaunchScreen.storyboard in Resources */ = {isa = PBXBuildFile; fileRef = 77421B1D2358FEE700A23C79 /* LaunchScreen.storyboard */; };
		77421B2C2359116600A23C79 /* PlayerViewController.storyboard in Resources */ = {isa = PBXBuildFile; fileRef = 77421B2B2359116600A23C79 /* PlayerViewController.storyboard */; };
		7742E82224EDC88700404259 /* FavoritesRootView.swift in Sources */ = {isa = PBXBuildFile; fileRef = 7742E82124EDC88700404259 /* FavoritesRootView.swift */; };
		7742E82424EDCE0B00404259 /* PopularRootView.swift in Sources */ = {isa = PBXBuildFile; fileRef = 7742E82324EDCE0B00404259 /* PopularRootView.swift */; };
		7742E82824EDD42500404259 /* Dequeuable.swift in Sources */ = {isa = PBXBuildFile; fileRef = 7742E82724EDD42500404259 /* Dequeuable.swift */; };
		7742E82A24EDD43900404259 /* UITableView+Extensions.swift in Sources */ = {isa = PBXBuildFile; fileRef = 7742E82924EDD43900404259 /* UITableView+Extensions.swift */; };
		7742E82E24EDD75800404259 /* UICollectionView+Extensions.swift in Sources */ = {isa = PBXBuildFile; fileRef = 7742E82D24EDD75800404259 /* UICollectionView+Extensions.swift */; };
		7742E83024EDDD6600404259 /* RadioPlayerProtocol.swift in Sources */ = {isa = PBXBuildFile; fileRef = 7742E82F24EDDD6600404259 /* RadioPlayerProtocol.swift */; };
		7744852D245D6364009F8865 /* EventFavorite.swift in Sources */ = {isa = PBXBuildFile; fileRef = 7744852C245D6364009F8865 /* EventFavorite.swift */; };
		77459D3F287724C40049EF78 /* Kingfisher in Frameworks */ = {isa = PBXBuildFile; productRef = 77459D3E287724C40049EF78 /* Kingfisher */; };
		77459D42287726FB0049EF78 /* RxCocoa in Frameworks */ = {isa = PBXBuildFile; productRef = 77459D41287726FB0049EF78 /* RxCocoa */; };
		77459D44287726FB0049EF78 /* RxSwift in Frameworks */ = {isa = PBXBuildFile; productRef = 77459D43287726FB0049EF78 /* RxSwift */; };
		77459D47287727770049EF78 /* RxDataSources in Frameworks */ = {isa = PBXBuildFile; productRef = 77459D46287727770049EF78 /* RxDataSources */; };
		774714612363A39100198D9E /* PlayingBarsView.swift in Sources */ = {isa = PBXBuildFile; fileRef = 774714602363A39100198D9E /* PlayingBarsView.swift */; };
		774778DA2444CA780020245A /* UIImageView+Kingfisher.swift in Sources */ = {isa = PBXBuildFile; fileRef = 774778D92444CA780020245A /* UIImageView+Kingfisher.swift */; };
		774F0CA023721555002852C3 /* MainViewController.swift in Sources */ = {isa = PBXBuildFile; fileRef = 774F0C9F23721555002852C3 /* MainViewController.swift */; };
		774F0CA22372163E002852C3 /* MainViewModel.swift in Sources */ = {isa = PBXBuildFile; fileRef = 774F0CA12372163E002852C3 /* MainViewModel.swift */; };
		7755B51E2359F1E2004E642B /* PlayerViewController.swift in Sources */ = {isa = PBXBuildFile; fileRef = 7755B51D2359F1E2004E642B /* PlayerViewController.swift */; };
		7755B522235A1241004E642B /* PopularViewController.swift in Sources */ = {isa = PBXBuildFile; fileRef = 7755B521235A1241004E642B /* PopularViewController.swift */; };
		7755B524235A1350004E642B /* PopularViewModel.swift in Sources */ = {isa = PBXBuildFile; fileRef = 7755B523235A1350004E642B /* PopularViewModel.swift */; };
		7755B52D235A144F004E642B /* PopularViewCell.swift in Sources */ = {isa = PBXBuildFile; fileRef = 7755B52B235A144F004E642B /* PopularViewCell.swift */; };
		7755B52E235A144F004E642B /* PopularViewCell.xib in Resources */ = {isa = PBXBuildFile; fileRef = 7755B52C235A144F004E642B /* PopularViewCell.xib */; };
		7755B530235A15D2004E642B /* PopularCellViewModel.swift in Sources */ = {isa = PBXBuildFile; fileRef = 7755B52F235A15D2004E642B /* PopularCellViewModel.swift */; };
		776FE68E24599E77000604A0 /* EventsRepository.swift in Sources */ = {isa = PBXBuildFile; fileRef = 776FE68D24599E77000604A0 /* EventsRepository.swift */; };
		776FE69024599FA2000604A0 /* DefaultEventsRepository.swift in Sources */ = {isa = PBXBuildFile; fileRef = 776FE68F24599FA2000604A0 /* DefaultEventsRepository.swift */; };
		776FE6982459BB2C000604A0 /* TransferServiceProtocol.swift in Sources */ = {isa = PBXBuildFile; fileRef = 776FE6972459BB2C000604A0 /* TransferServiceProtocol.swift */; };
		776FE69A2459BFCE000604A0 /* Event.swift in Sources */ = {isa = PBXBuildFile; fileRef = 776FE6992459BFCE000604A0 /* Event.swift */; };
		7772943023DE5EEA008F5305 /* MiniPlayerSceneDIContainer.swift in Sources */ = {isa = PBXBuildFile; fileRef = 7772942F23DE5EEA008F5305 /* MiniPlayerSceneDIContainer.swift */; };
		7772943223DE6319008F5305 /* PlayerSceneDIContainer.swift in Sources */ = {isa = PBXBuildFile; fileRef = 7772943123DE6319008F5305 /* PlayerSceneDIContainer.swift */; };
		7778B159244C17CD00FDB767 /* ColorPalette.swift in Sources */ = {isa = PBXBuildFile; fileRef = 7778B158244C17CD00FDB767 /* ColorPalette.swift */; };
		7778B15D244C1ACA00FDB767 /* Font.swift in Sources */ = {isa = PBXBuildFile; fileRef = 7778B15C244C1ACA00FDB767 /* Font.swift */; };
		7778B15F244C1B2900FDB767 /* FontSize.swift in Sources */ = {isa = PBXBuildFile; fileRef = 7778B15E244C1B2900FDB767 /* FontSize.swift */; };
		7778B163244C1E4200FDB767 /* ProximaNova-Regular.otf in Resources */ = {isa = PBXBuildFile; fileRef = 7778B160244C1E4100FDB767 /* ProximaNova-Regular.otf */; };
		7778B164244C1E4200FDB767 /* ProximaNova-Thin.otf in Resources */ = {isa = PBXBuildFile; fileRef = 7778B161244C1E4100FDB767 /* ProximaNova-Thin.otf */; };
		7778B167244C1E8A00FDB767 /* FontType.swift in Sources */ = {isa = PBXBuildFile; fileRef = 7778B166244C1E8A00FDB767 /* FontType.swift */; };
		7778B169244C1F9500FDB767 /* UIFont+Loader.swift in Sources */ = {isa = PBXBuildFile; fileRef = 7778B168244C1F9500FDB767 /* UIFont+Loader.swift */; };
		777AF533244BD6C90004EB87 /* LocalClient.swift in Sources */ = {isa = PBXBuildFile; fileRef = 777AF532244BD6C90004EB87 /* LocalClient.swift */; };
		777AF538244C02770004EB87 /* ProximaNova-Bold.otf in Resources */ = {isa = PBXBuildFile; fileRef = 777AF537244C02770004EB87 /* ProximaNova-Bold.otf */; };
		777CEDCB23D90C6500FCD04B /* StoryboardInstantiable.swift in Sources */ = {isa = PBXBuildFile; fileRef = 777CEDCA23D90C6500FCD04B /* StoryboardInstantiable.swift */; };
		777CEDCD23D90C6F00FCD04B /* SimpleViewState.swift in Sources */ = {isa = PBXBuildFile; fileRef = 777CEDCC23D90C6F00FCD04B /* SimpleViewState.swift */; };
		778380E824E5CA8C006EC3C7 /* InitialCoordinator.swift in Sources */ = {isa = PBXBuildFile; fileRef = 778380E724E5CA8C006EC3C7 /* InitialCoordinator.swift */; };
		778380EA24E5CA9A006EC3C7 /* MainCoordinator.swift in Sources */ = {isa = PBXBuildFile; fileRef = 778380E924E5CA9A006EC3C7 /* MainCoordinator.swift */; };
		7784646124EEBD36004DEB3C /* NiblessViewController.swift in Sources */ = {isa = PBXBuildFile; fileRef = 7784646024EEBD35004DEB3C /* NiblessViewController.swift */; };
		7785AF7A24590DEA003D5238 /* SaveStationError.swift in Sources */ = {isa = PBXBuildFile; fileRef = 7785AF7924590DEA003D5238 /* SaveStationError.swift */; };
		778A96682459EC3100F2E17C /* Event+Encodable.swift in Sources */ = {isa = PBXBuildFile; fileRef = 778A96672459EC3100F2E17C /* Event+Encodable.swift */; };
		77964891235A569900813C48 /* PlayerViewModel.swift in Sources */ = {isa = PBXBuildFile; fileRef = 77964890235A569900813C48 /* PlayerViewModel.swift */; };
		779DF56023634D8C001F034F /* LoadingPlayerView.swift in Sources */ = {isa = PBXBuildFile; fileRef = 779DF55F23634D8C001F034F /* LoadingPlayerView.swift */; };
		779ECA9F245D4DA100987EE7 /* EventPlay.swift in Sources */ = {isa = PBXBuildFile; fileRef = 779ECA9E245D4DA100987EE7 /* EventPlay.swift */; };
		779ECAA1245D4F2B00987EE7 /* SavePlayingEvent.swift in Sources */ = {isa = PBXBuildFile; fileRef = 779ECAA0245D4F2B00987EE7 /* SavePlayingEvent.swift */; };
		779ECAA3245D4FA900987EE7 /* AnalyticsRepository.swift in Sources */ = {isa = PBXBuildFile; fileRef = 779ECAA2245D4FA800987EE7 /* AnalyticsRepository.swift */; };
		779ECAA5245D503800987EE7 /* DefaultAnalyticsRepository.swift in Sources */ = {isa = PBXBuildFile; fileRef = 779ECAA4245D503800987EE7 /* DefaultAnalyticsRepository.swift */; };
		779ECAA7245D507900987EE7 /* AnalyticsServiceProtocol.swift in Sources */ = {isa = PBXBuildFile; fileRef = 779ECAA6245D507900987EE7 /* AnalyticsServiceProtocol.swift */; };
		779ECAAC245D51A400987EE7 /* EventType.swift in Sources */ = {isa = PBXBuildFile; fileRef = 779ECAAB245D51A400987EE7 /* EventType.swift */; };
		77A00848244E6B960024A3ED /* Localizable.strings in Resources */ = {isa = PBXBuildFile; fileRef = 77A0084A244E6B960024A3ED /* Localizable.strings */; };
		77A0084E244E749A0024A3ED /* String+Localizable.swift in Sources */ = {isa = PBXBuildFile; fileRef = 77A0084D244E749A0024A3ED /* String+Localizable.swift */; };
		77A1432D24450DFE003EF18A /* Managed.swift in Sources */ = {isa = PBXBuildFile; fileRef = 77A1432C24450DFE003EF18A /* Managed.swift */; };
		77A2757D2447D42E00E0C490 /* UIButton+Animation.swift in Sources */ = {isa = PBXBuildFile; fileRef = 77A2757C2447D42E00E0C490 /* UIButton+Animation.swift */; };
		77A3D7FA23DB2ADC003FF385 /* AppAppearance.swift in Sources */ = {isa = PBXBuildFile; fileRef = 77A3D7F923DB2ADC003FF385 /* AppAppearance.swift */; };
		77A3D7FD23DB2DF9003FF385 /* MainSceneDIContainer.swift in Sources */ = {isa = PBXBuildFile; fileRef = 77A3D7FC23DB2DF9003FF385 /* MainSceneDIContainer.swift */; };
		77A4E2072448A26F00086186 /* MessageView.swift in Sources */ = {isa = PBXBuildFile; fileRef = 77A4E2062448A26F00086186 /* MessageView.swift */; };
		77A4E20A2448D51500086186 /* FavoritesDidChangedUseCase.swift in Sources */ = {isa = PBXBuildFile; fileRef = 77A4E2092448D51500086186 /* FavoritesDidChangedUseCase.swift */; };
		77A68DF2244698B500E6924A /* Station+PersistenceStore.swift in Sources */ = {isa = PBXBuildFile; fileRef = 77A68DF1244698B500E6924A /* Station+PersistenceStore.swift */; };
		77A68DF42446A0F500E6924A /* DefaultStationsLocalStorage.swift in Sources */ = {isa = PBXBuildFile; fileRef = 77A68DF32446A0F500E6924A /* DefaultStationsLocalStorage.swift */; };
		77A68DF62446A10400E6924A /* DefaultFavoritesLocalStorage.swift in Sources */ = {isa = PBXBuildFile; fileRef = 77A68DF52446A10400E6924A /* DefaultFavoritesLocalStorage.swift */; };
		77A68DF82446A47100E6924A /* StationFavoriteCD+PersistenceStore.swift in Sources */ = {isa = PBXBuildFile; fileRef = 77A68DF72446A47100E6924A /* StationFavoriteCD+PersistenceStore.swift */; };
		77B6AE342448989700D4D637 /* FavoriteTableViewCell.swift in Sources */ = {isa = PBXBuildFile; fileRef = 77B6AE322448989700D4D637 /* FavoriteTableViewCell.swift */; };
		77B6AE352448989700D4D637 /* FavoriteTableViewCell.xib in Resources */ = {isa = PBXBuildFile; fileRef = 77B6AE332448989700D4D637 /* FavoriteTableViewCell.xib */; };
		77B6AE38244898B600D4D637 /* FavoriteTableViewModel.swift in Sources */ = {isa = PBXBuildFile; fileRef = 77B6AE37244898B600D4D637 /* FavoriteTableViewModel.swift */; };
		77B9469B235AD7D7006C3EEA /* Interactor.swift in Sources */ = {isa = PBXBuildFile; fileRef = 77B9469A235AD7D7006C3EEA /* Interactor.swift */; };
		77B9469D235AD7E6006C3EEA /* DismissAnimator.swift in Sources */ = {isa = PBXBuildFile; fileRef = 77B9469C235AD7E6006C3EEA /* DismissAnimator.swift */; };
		77B957B123DC0D1800220426 /* PopularSceneDIContainer.swift in Sources */ = {isa = PBXBuildFile; fileRef = 77B957B023DC0D1800220426 /* PopularSceneDIContainer.swift */; };
		77B957B323DC170D00220426 /* FetchFavoritesStationsUseCase.swift in Sources */ = {isa = PBXBuildFile; fileRef = 77B957B223DC170D00220426 /* FetchFavoritesStationsUseCase.swift */; };
		77B957B523DC188300220426 /* SimpleStation.swift in Sources */ = {isa = PBXBuildFile; fileRef = 77B957B423DC188300220426 /* SimpleStation.swift */; };
		77B957B923DC19DD00220426 /* StationFavoriteCD+Mappings.swift in Sources */ = {isa = PBXBuildFile; fileRef = 77B957B823DC19DD00220426 /* StationFavoriteCD+Mappings.swift */; };
		77B957BD23DC1D0500220426 /* FavoritesLocalStorage.swift in Sources */ = {isa = PBXBuildFile; fileRef = 77B957BC23DC1D0500220426 /* FavoritesLocalStorage.swift */; };
		77BACF8524E5B73E003B3EB1 /* AppCoordinator.swift in Sources */ = {isa = PBXBuildFile; fileRef = 77BACF8424E5B73E003B3EB1 /* AppCoordinator.swift */; };
		77BACF8724E5B75D003B3EB1 /* Coordinator.swift in Sources */ = {isa = PBXBuildFile; fileRef = 77BACF8624E5B75C003B3EB1 /* Coordinator.swift */; };
		77BACF8924E5B776003B3EB1 /* NavigationCoordinator.swift in Sources */ = {isa = PBXBuildFile; fileRef = 77BACF8824E5B776003B3EB1 /* NavigationCoordinator.swift */; };
		77C9D3ED23DB990400C6FD55 /* StationsLocalStorage.swift in Sources */ = {isa = PBXBuildFile; fileRef = 77C9D3EC23DB990400C6FD55 /* StationsLocalStorage.swift */; };
		77C9D3F023DB992700C6FD55 /* CoreDataStorage.swift in Sources */ = {isa = PBXBuildFile; fileRef = 77C9D3EF23DB992700C6FD55 /* CoreDataStorage.swift */; };
		77C9D3F323DBA4F700C6FD55 /* Station+Mappings.swift in Sources */ = {isa = PBXBuildFile; fileRef = 77C9D3F223DBA4F700C6FD55 /* Station+Mappings.swift */; };
		77C9D3F723DBC30B00C6FD55 /* FetchStationsLocalUseCase.swift in Sources */ = {isa = PBXBuildFile; fileRef = 77C9D3F623DBC30B00C6FD55 /* FetchStationsLocalUseCase.swift */; };
		77CA145B23689CB9001BF04E /* ApiError.swift in Sources */ = {isa = PBXBuildFile; fileRef = 77CA145A23689CB9001BF04E /* ApiError.swift */; };
		77CE5D4423DF29E1008C5ECA /* ToogleFavoritesUseCase.swift in Sources */ = {isa = PBXBuildFile; fileRef = 77CE5D4323DF29E1008C5ECA /* ToogleFavoritesUseCase.swift */; };
		77CE5D4623DF3289008C5ECA /* AskFavoriteUseCase.swift in Sources */ = {isa = PBXBuildFile; fileRef = 77CE5D4523DF3289008C5ECA /* AskFavoriteUseCase.swift */; };
		77CE5D4823DF4DE6008C5ECA /* PersistenceStorage.swift in Sources */ = {isa = PBXBuildFile; fileRef = 77CE5D4723DF4DE6008C5ECA /* PersistenceStorage.swift */; };
		77D51745237C988B00B7DCC9 /* Station.swift in Sources */ = {isa = PBXBuildFile; fileRef = 77D51744237C988B00B7DCC9 /* Station.swift */; };
		77D51747237C989200B7DCC9 /* StationFavoriteCD.swift in Sources */ = {isa = PBXBuildFile; fileRef = 77D51746237C989200B7DCC9 /* StationFavoriteCD.swift */; };
		77D5175B237C9A8300B7DCC9 /* RadiosPeru.xcdatamodeld in Sources */ = {isa = PBXBuildFile; fileRef = 77D51759237C9A8300B7DCC9 /* RadiosPeru.xcdatamodeld */; };
		77D5175D237C9BAE00B7DCC9 /* Group.swift in Sources */ = {isa = PBXBuildFile; fileRef = 77D5175C237C9BAE00B7DCC9 /* Group.swift */; };
		77D51760237C9CD500B7DCC9 /* MainViewControler.storyboard in Resources */ = {isa = PBXBuildFile; fileRef = 77D5175E237C9CD500B7DCC9 /* MainViewControler.storyboard */; };
		77D51762237C9DA500B7DCC9 /* InitialViewController.swift in Sources */ = {isa = PBXBuildFile; fileRef = 77D51761237C9DA500B7DCC9 /* InitialViewController.swift */; };
		77D51764237C9DB200B7DCC9 /* InitialViewModel.swift in Sources */ = {isa = PBXBuildFile; fileRef = 77D51763237C9DB200B7DCC9 /* InitialViewModel.swift */; };
		77D51766237C9FD200B7DCC9 /* StationResult.swift in Sources */ = {isa = PBXBuildFile; fileRef = 77D51765237C9FD200B7DCC9 /* StationResult.swift */; };
		77D51768237CA04400B7DCC9 /* StationProvider.swift in Sources */ = {isa = PBXBuildFile; fileRef = 77D51767237CA04400B7DCC9 /* StationProvider.swift */; };
		77D9A0D823DA371900DDCE06 /* FetchShowOnlineInfoUseCase.swift in Sources */ = {isa = PBXBuildFile; fileRef = 77D9A0D723DA371900DDCE06 /* FetchShowOnlineInfoUseCase.swift */; };
		77D9A0DA23DA373600DDCE06 /* FetchStationsUseCase.swift in Sources */ = {isa = PBXBuildFile; fileRef = 77D9A0D923DA373600DDCE06 /* FetchStationsUseCase.swift */; };
		77D9A0E023DA38EF00DDCE06 /* StationsRepository.swift in Sources */ = {isa = PBXBuildFile; fileRef = 77D9A0DF23DA38EF00DDCE06 /* StationsRepository.swift */; };
		77D9A0E223DA38F900DDCE06 /* FavoritesRepository.swift in Sources */ = {isa = PBXBuildFile; fileRef = 77D9A0E123DA38F900DDCE06 /* FavoritesRepository.swift */; };
		77D9A0E623DA3D0300DDCE06 /* StationsLocalRepository.swift in Sources */ = {isa = PBXBuildFile; fileRef = 77D9A0E523DA3D0300DDCE06 /* StationsLocalRepository.swift */; };
		77D9A0E823DA3F3B00DDCE06 /* ShowDetailsRepository.swift in Sources */ = {isa = PBXBuildFile; fileRef = 77D9A0E723DA3F3B00DDCE06 /* ShowDetailsRepository.swift */; };
		77D9A0EC23DA427C00DDCE06 /* DataTransferService.swift in Sources */ = {isa = PBXBuildFile; fileRef = 77D9A0EB23DA427C00DDCE06 /* DataTransferService.swift */; };
		77D9A0EE23DA451500DDCE06 /* DefaultStationsRepository.swift in Sources */ = {isa = PBXBuildFile; fileRef = 77D9A0ED23DA451500DDCE06 /* DefaultStationsRepository.swift */; };
		77D9A0F123DA454B00DDCE06 /* DefaultStationsLocalRepository.swift in Sources */ = {isa = PBXBuildFile; fileRef = 77D9A0F023DA454B00DDCE06 /* DefaultStationsLocalRepository.swift */; };
		77D9A0F323DA457A00DDCE06 /* DefaultFavoritesRepository.swift in Sources */ = {isa = PBXBuildFile; fileRef = 77D9A0F223DA457A00DDCE06 /* DefaultFavoritesRepository.swift */; };
		77D9A0F523DA459C00DDCE06 /* DefaultShowDetailsRepository.swift in Sources */ = {isa = PBXBuildFile; fileRef = 77D9A0F423DA459C00DDCE06 /* DefaultShowDetailsRepository.swift */; };
		77D9A0F723DA526100DDCE06 /* ApiClient.swift in Sources */ = {isa = PBXBuildFile; fileRef = 77D9A0F623DA526100DDCE06 /* ApiClient.swift */; };
		77D9A0F923DA556600DDCE06 /* AppDIContainer.swift in Sources */ = {isa = PBXBuildFile; fileRef = 77D9A0F823DA556600DDCE06 /* AppDIContainer.swift */; };
		77D9A0FB23DA55C500DDCE06 /* InitialSceneDIContainer.swift in Sources */ = {isa = PBXBuildFile; fileRef = 77D9A0FA23DA55C500DDCE06 /* InitialSceneDIContainer.swift */; };
		77D9A0FD23DA5F8F00DDCE06 /* StationRemote.swift in Sources */ = {isa = PBXBuildFile; fileRef = 77D9A0FC23DA5F8F00DDCE06 /* StationRemote.swift */; };
		77DB241223DD2AEC001082E9 /* FavoriteSceneDIContainer.swift in Sources */ = {isa = PBXBuildFile; fileRef = 77DB241123DD2AEC001082E9 /* FavoriteSceneDIContainer.swift */; };
		77E5AF6323D9F39800509BC2 /* ShowRPP+Decodable.swift in Sources */ = {isa = PBXBuildFile; fileRef = 77E5AF6223D9F39800509BC2 /* ShowRPP+Decodable.swift */; };
		77E5AF6623D9F45200509BC2 /* ShowCRP+Decodable.swift in Sources */ = {isa = PBXBuildFile; fileRef = 77E5AF6523D9F45200509BC2 /* ShowCRP+Decodable.swift */; };
		77E5AF6823D9F52D00509BC2 /* Group+Decodable.swift in Sources */ = {isa = PBXBuildFile; fileRef = 77E5AF6723D9F52D00509BC2 /* Group+Decodable.swift */; };
		77E5AF6A23D9F66D00509BC2 /* GrupoRPPResult+Decodable.swift in Sources */ = {isa = PBXBuildFile; fileRef = 77E5AF6923D9F66D00509BC2 /* GrupoRPPResult+Decodable.swift */; };
		77F3CEC4237F4F8E00FA49B6 /* PlayInfoSource.swift in Sources */ = {isa = PBXBuildFile; fileRef = 77F3CEC3237F4F8E00FA49B6 /* PlayInfoSource.swift */; };
		77F65DFC2371E1CA00677DB8 /* MiniPlayerViewController.storyboard in Resources */ = {isa = PBXBuildFile; fileRef = 77F65DFB2371E1CA00677DB8 /* MiniPlayerViewController.storyboard */; };
		77F7CA6E23686FB800E1D64A /* ShowCRP.swift in Sources */ = {isa = PBXBuildFile; fileRef = 77F7CA6D23686FB800E1D64A /* ShowCRP.swift */; };
/* End PBXBuildFile section */

/* Begin PBXFileReference section */
		770282D9235C08AC000098DB /* MiniPlayerViewController.swift */ = {isa = PBXFileReference; lastKnownFileType = sourcecode.swift; path = MiniPlayerViewController.swift; sourceTree = "<group>"; };
		770282DB235C08B9000098DB /* MiniPlayerViewModel.swift */ = {isa = PBXFileReference; lastKnownFileType = sourcecode.swift; path = MiniPlayerViewModel.swift; sourceTree = "<group>"; };
		770A6BFA23687AF400FDE4F6 /* GroupCRPProvider.swift */ = {isa = PBXFileReference; lastKnownFileType = sourcecode.swift; path = GroupCRPProvider.swift; sourceTree = "<group>"; };
		770A6BFE2368978500FDE4F6 /* Show.swift */ = {isa = PBXFileReference; lastKnownFileType = sourcecode.swift; path = Show.swift; sourceTree = "<group>"; };
		771B23D0244A61A900260E97 /* stations.json */ = {isa = PBXFileReference; lastKnownFileType = text.json; path = stations.json; sourceTree = "<group>"; };
		77236FA323677C56009C80D0 /* EndPoint.swift */ = {isa = PBXFileReference; lastKnownFileType = sourcecode.swift; path = EndPoint.swift; sourceTree = "<group>"; };
		77236FA823677F9B009C80D0 /* GroupRPPResult.swift */ = {isa = PBXFileReference; lastKnownFileType = sourcecode.swift; path = GroupRPPResult.swift; sourceTree = "<group>"; };
		77236FAB236786F8009C80D0 /* ShowRPP.swift */ = {isa = PBXFileReference; lastKnownFileType = sourcecode.swift; path = ShowRPP.swift; sourceTree = "<group>"; };
		77236FAE236787B2009C80D0 /* GroupRPPProvider.swift */ = {isa = PBXFileReference; lastKnownFileType = sourcecode.swift; path = GroupRPPProvider.swift; sourceTree = "<group>"; };
		7726B51D2447DF690087AC84 /* SectionAiringToday.swift */ = {isa = PBXFileReference; lastKnownFileType = sourcecode.swift; path = SectionAiringToday.swift; sourceTree = "<group>"; };
		772B267D23E1B7D700B0409B /* StationRemote+Decodable.swift */ = {isa = PBXFileReference; lastKnownFileType = sourcecode.swift; path = "StationRemote+Decodable.swift"; sourceTree = "<group>"; };
		772F53D92444F5720065E45C /* NSManagedObjectContext+Extensions.swift */ = {isa = PBXFileReference; lastKnownFileType = sourcecode.swift; path = "NSManagedObjectContext+Extensions.swift"; sourceTree = "<group>"; };
		7739E808235E4A610071882A /* RadioPlayer.swift */ = {isa = PBXFileReference; lastKnownFileType = sourcecode.swift; path = RadioPlayer.swift; sourceTree = "<group>"; };
		7739E80B235E4B980071882A /* ApiPlayer.swift */ = {isa = PBXFileReference; lastKnownFileType = sourcecode.swift; path = ApiPlayer.swift; sourceTree = "<group>"; };
		773D455A2368EE58007B755D /* FavoritesViewController.swift */ = {isa = PBXFileReference; lastKnownFileType = sourcecode.swift; path = FavoritesViewController.swift; sourceTree = "<group>"; };
		773D455C2368EE6E007B755D /* FavoritesViewModel.swift */ = {isa = PBXFileReference; lastKnownFileType = sourcecode.swift; path = FavoritesViewModel.swift; sourceTree = "<group>"; };
		77421B112358FEE500A23C79 /* RadiosPeru.app */ = {isa = PBXFileReference; explicitFileType = wrapper.application; includeInIndex = 0; path = RadiosPeru.app; sourceTree = BUILT_PRODUCTS_DIR; };
		77421B142358FEE500A23C79 /* AppDelegate.swift */ = {isa = PBXFileReference; lastKnownFileType = sourcecode.swift; path = AppDelegate.swift; sourceTree = "<group>"; };
		77421B1B2358FEE700A23C79 /* Assets.xcassets */ = {isa = PBXFileReference; lastKnownFileType = folder.assetcatalog; path = Assets.xcassets; sourceTree = "<group>"; };
		77421B1E2358FEE700A23C79 /* Base */ = {isa = PBXFileReference; lastKnownFileType = file.storyboard; name = Base; path = Base.lproj/LaunchScreen.storyboard; sourceTree = "<group>"; };
		77421B2B2359116600A23C79 /* PlayerViewController.storyboard */ = {isa = PBXFileReference; lastKnownFileType = file.storyboard; path = PlayerViewController.storyboard; sourceTree = "<group>"; };
		7742E82124EDC88700404259 /* FavoritesRootView.swift */ = {isa = PBXFileReference; lastKnownFileType = sourcecode.swift; path = FavoritesRootView.swift; sourceTree = "<group>"; };
		7742E82324EDCE0B00404259 /* PopularRootView.swift */ = {isa = PBXFileReference; lastKnownFileType = sourcecode.swift; path = PopularRootView.swift; sourceTree = "<group>"; };
		7742E82724EDD42500404259 /* Dequeuable.swift */ = {isa = PBXFileReference; lastKnownFileType = sourcecode.swift; path = Dequeuable.swift; sourceTree = "<group>"; };
		7742E82924EDD43900404259 /* UITableView+Extensions.swift */ = {isa = PBXFileReference; lastKnownFileType = sourcecode.swift; path = "UITableView+Extensions.swift"; sourceTree = "<group>"; };
		7742E82D24EDD75800404259 /* UICollectionView+Extensions.swift */ = {isa = PBXFileReference; lastKnownFileType = sourcecode.swift; path = "UICollectionView+Extensions.swift"; sourceTree = "<group>"; };
		7742E82F24EDDD6600404259 /* RadioPlayerProtocol.swift */ = {isa = PBXFileReference; lastKnownFileType = sourcecode.swift; path = RadioPlayerProtocol.swift; sourceTree = "<group>"; };
		7743511E245E74EB00345320 /* GoogleService-Info.DEV.plist */ = {isa = PBXFileReference; fileEncoding = 4; lastKnownFileType = text.plist.xml; path = "GoogleService-Info.DEV.plist"; sourceTree = "<group>"; };
		7743511F245E74EB00345320 /* GoogleService-Info.PROD.plist */ = {isa = PBXFileReference; fileEncoding = 4; lastKnownFileType = text.plist.xml; path = "GoogleService-Info.PROD.plist"; sourceTree = "<group>"; };
		77435123245E795900345320 /* Info.plist */ = {isa = PBXFileReference; fileEncoding = 4; lastKnownFileType = text.plist.xml; path = Info.plist; sourceTree = "<group>"; };
		7744852C245D6364009F8865 /* EventFavorite.swift */ = {isa = PBXFileReference; lastKnownFileType = sourcecode.swift; path = EventFavorite.swift; sourceTree = "<group>"; };
		774714602363A39100198D9E /* PlayingBarsView.swift */ = {isa = PBXFileReference; lastKnownFileType = sourcecode.swift; path = PlayingBarsView.swift; sourceTree = "<group>"; };
		774778D92444CA780020245A /* UIImageView+Kingfisher.swift */ = {isa = PBXFileReference; lastKnownFileType = sourcecode.swift; path = "UIImageView+Kingfisher.swift"; sourceTree = "<group>"; };
		774F0C9F23721555002852C3 /* MainViewController.swift */ = {isa = PBXFileReference; lastKnownFileType = sourcecode.swift; path = MainViewController.swift; sourceTree = "<group>"; };
		774F0CA12372163E002852C3 /* MainViewModel.swift */ = {isa = PBXFileReference; lastKnownFileType = sourcecode.swift; path = MainViewModel.swift; sourceTree = "<group>"; };
		7755B51D2359F1E2004E642B /* PlayerViewController.swift */ = {isa = PBXFileReference; lastKnownFileType = sourcecode.swift; path = PlayerViewController.swift; sourceTree = "<group>"; };
		7755B521235A1241004E642B /* PopularViewController.swift */ = {isa = PBXFileReference; lastKnownFileType = sourcecode.swift; path = PopularViewController.swift; sourceTree = "<group>"; };
		7755B523235A1350004E642B /* PopularViewModel.swift */ = {isa = PBXFileReference; lastKnownFileType = sourcecode.swift; path = PopularViewModel.swift; sourceTree = "<group>"; };
		7755B52B235A144F004E642B /* PopularViewCell.swift */ = {isa = PBXFileReference; lastKnownFileType = sourcecode.swift; path = PopularViewCell.swift; sourceTree = "<group>"; };
		7755B52C235A144F004E642B /* PopularViewCell.xib */ = {isa = PBXFileReference; lastKnownFileType = file.xib; path = PopularViewCell.xib; sourceTree = "<group>"; };
		7755B52F235A15D2004E642B /* PopularCellViewModel.swift */ = {isa = PBXFileReference; lastKnownFileType = sourcecode.swift; path = PopularCellViewModel.swift; sourceTree = "<group>"; };
		776FE68D24599E77000604A0 /* EventsRepository.swift */ = {isa = PBXFileReference; lastKnownFileType = sourcecode.swift; path = EventsRepository.swift; sourceTree = "<group>"; };
		776FE68F24599FA2000604A0 /* DefaultEventsRepository.swift */ = {isa = PBXFileReference; lastKnownFileType = sourcecode.swift; path = DefaultEventsRepository.swift; sourceTree = "<group>"; };
		776FE6972459BB2C000604A0 /* TransferServiceProtocol.swift */ = {isa = PBXFileReference; lastKnownFileType = sourcecode.swift; path = TransferServiceProtocol.swift; sourceTree = "<group>"; };
		776FE6992459BFCE000604A0 /* Event.swift */ = {isa = PBXFileReference; lastKnownFileType = sourcecode.swift; path = Event.swift; sourceTree = "<group>"; };
		7772942F23DE5EEA008F5305 /* MiniPlayerSceneDIContainer.swift */ = {isa = PBXFileReference; lastKnownFileType = sourcecode.swift; path = MiniPlayerSceneDIContainer.swift; sourceTree = "<group>"; };
		7772943123DE6319008F5305 /* PlayerSceneDIContainer.swift */ = {isa = PBXFileReference; lastKnownFileType = sourcecode.swift; path = PlayerSceneDIContainer.swift; sourceTree = "<group>"; };
		7778B158244C17CD00FDB767 /* ColorPalette.swift */ = {isa = PBXFileReference; lastKnownFileType = sourcecode.swift; path = ColorPalette.swift; sourceTree = "<group>"; };
		7778B15C244C1ACA00FDB767 /* Font.swift */ = {isa = PBXFileReference; lastKnownFileType = sourcecode.swift; path = Font.swift; sourceTree = "<group>"; };
		7778B15E244C1B2900FDB767 /* FontSize.swift */ = {isa = PBXFileReference; lastKnownFileType = sourcecode.swift; path = FontSize.swift; sourceTree = "<group>"; };
		7778B160244C1E4100FDB767 /* ProximaNova-Regular.otf */ = {isa = PBXFileReference; lastKnownFileType = file; path = "ProximaNova-Regular.otf"; sourceTree = "<group>"; };
		7778B161244C1E4100FDB767 /* ProximaNova-Thin.otf */ = {isa = PBXFileReference; lastKnownFileType = file; path = "ProximaNova-Thin.otf"; sourceTree = "<group>"; };
		7778B166244C1E8A00FDB767 /* FontType.swift */ = {isa = PBXFileReference; lastKnownFileType = sourcecode.swift; path = FontType.swift; sourceTree = "<group>"; };
		7778B168244C1F9500FDB767 /* UIFont+Loader.swift */ = {isa = PBXFileReference; lastKnownFileType = sourcecode.swift; path = "UIFont+Loader.swift"; sourceTree = "<group>"; };
		777AF532244BD6C90004EB87 /* LocalClient.swift */ = {isa = PBXFileReference; lastKnownFileType = sourcecode.swift; path = LocalClient.swift; sourceTree = "<group>"; };
		777AF537244C02770004EB87 /* ProximaNova-Bold.otf */ = {isa = PBXFileReference; lastKnownFileType = file; path = "ProximaNova-Bold.otf"; sourceTree = "<group>"; };
		777CEDCA23D90C6500FCD04B /* StoryboardInstantiable.swift */ = {isa = PBXFileReference; lastKnownFileType = sourcecode.swift; path = StoryboardInstantiable.swift; sourceTree = "<group>"; };
		777CEDCC23D90C6F00FCD04B /* SimpleViewState.swift */ = {isa = PBXFileReference; lastKnownFileType = sourcecode.swift; path = SimpleViewState.swift; sourceTree = "<group>"; };
		778380E724E5CA8C006EC3C7 /* InitialCoordinator.swift */ = {isa = PBXFileReference; lastKnownFileType = sourcecode.swift; path = InitialCoordinator.swift; sourceTree = "<group>"; };
		778380E924E5CA9A006EC3C7 /* MainCoordinator.swift */ = {isa = PBXFileReference; lastKnownFileType = sourcecode.swift; path = MainCoordinator.swift; sourceTree = "<group>"; };
		7784646024EEBD35004DEB3C /* NiblessViewController.swift */ = {isa = PBXFileReference; lastKnownFileType = sourcecode.swift; name = NiblessViewController.swift; path = "/Users/rcaos/developer/zProjects/02 - RadioPlayer/RadioPeru.github/RadiosPeru/RadiosPeru/Presentation/Utils/NiblessViewController.swift"; sourceTree = "<absolute>"; };
		7785AF7924590DEA003D5238 /* SaveStationError.swift */ = {isa = PBXFileReference; lastKnownFileType = sourcecode.swift; path = SaveStationError.swift; sourceTree = "<group>"; };
		778A96672459EC3100F2E17C /* Event+Encodable.swift */ = {isa = PBXFileReference; lastKnownFileType = sourcecode.swift; path = "Event+Encodable.swift"; sourceTree = "<group>"; };
		77964890235A569900813C48 /* PlayerViewModel.swift */ = {isa = PBXFileReference; lastKnownFileType = sourcecode.swift; path = PlayerViewModel.swift; sourceTree = "<group>"; };
		779DF55F23634D8C001F034F /* LoadingPlayerView.swift */ = {isa = PBXFileReference; lastKnownFileType = sourcecode.swift; path = LoadingPlayerView.swift; sourceTree = "<group>"; };
		779ECA9E245D4DA100987EE7 /* EventPlay.swift */ = {isa = PBXFileReference; lastKnownFileType = sourcecode.swift; path = EventPlay.swift; sourceTree = "<group>"; };
		779ECAA0245D4F2B00987EE7 /* SavePlayingEvent.swift */ = {isa = PBXFileReference; lastKnownFileType = sourcecode.swift; path = SavePlayingEvent.swift; sourceTree = "<group>"; };
		779ECAA2245D4FA800987EE7 /* AnalyticsRepository.swift */ = {isa = PBXFileReference; lastKnownFileType = sourcecode.swift; path = AnalyticsRepository.swift; sourceTree = "<group>"; };
		779ECAA4245D503800987EE7 /* DefaultAnalyticsRepository.swift */ = {isa = PBXFileReference; lastKnownFileType = sourcecode.swift; path = DefaultAnalyticsRepository.swift; sourceTree = "<group>"; };
		779ECAA6245D507900987EE7 /* AnalyticsServiceProtocol.swift */ = {isa = PBXFileReference; lastKnownFileType = sourcecode.swift; path = AnalyticsServiceProtocol.swift; sourceTree = "<group>"; };
		779ECAAB245D51A400987EE7 /* EventType.swift */ = {isa = PBXFileReference; lastKnownFileType = sourcecode.swift; path = EventType.swift; sourceTree = "<group>"; };
		77A00849244E6B960024A3ED /* en */ = {isa = PBXFileReference; lastKnownFileType = text.plist.strings; name = en; path = en.lproj/Localizable.strings; sourceTree = "<group>"; };
		77A0084B244E6CF60024A3ED /* es */ = {isa = PBXFileReference; lastKnownFileType = text.plist.strings; name = es; path = es.lproj/Localizable.strings; sourceTree = "<group>"; };
		77A0084D244E749A0024A3ED /* String+Localizable.swift */ = {isa = PBXFileReference; lastKnownFileType = sourcecode.swift; path = "String+Localizable.swift"; sourceTree = "<group>"; };
		77A1432C24450DFE003EF18A /* Managed.swift */ = {isa = PBXFileReference; lastKnownFileType = sourcecode.swift; path = Managed.swift; sourceTree = "<group>"; };
		77A2757C2447D42E00E0C490 /* UIButton+Animation.swift */ = {isa = PBXFileReference; lastKnownFileType = sourcecode.swift; path = "UIButton+Animation.swift"; sourceTree = "<group>"; };
		77A3D7F923DB2ADC003FF385 /* AppAppearance.swift */ = {isa = PBXFileReference; lastKnownFileType = sourcecode.swift; path = AppAppearance.swift; sourceTree = "<group>"; };
		77A3D7FC23DB2DF9003FF385 /* MainSceneDIContainer.swift */ = {isa = PBXFileReference; lastKnownFileType = sourcecode.swift; path = MainSceneDIContainer.swift; sourceTree = "<group>"; };
		77A4E2062448A26F00086186 /* MessageView.swift */ = {isa = PBXFileReference; lastKnownFileType = sourcecode.swift; path = MessageView.swift; sourceTree = "<group>"; };
		77A4E2092448D51500086186 /* FavoritesDidChangedUseCase.swift */ = {isa = PBXFileReference; lastKnownFileType = sourcecode.swift; path = FavoritesDidChangedUseCase.swift; sourceTree = "<group>"; };
		77A68DF1244698B500E6924A /* Station+PersistenceStore.swift */ = {isa = PBXFileReference; lastKnownFileType = sourcecode.swift; path = "Station+PersistenceStore.swift"; sourceTree = "<group>"; };
		77A68DF32446A0F500E6924A /* DefaultStationsLocalStorage.swift */ = {isa = PBXFileReference; lastKnownFileType = sourcecode.swift; path = DefaultStationsLocalStorage.swift; sourceTree = "<group>"; };
		77A68DF52446A10400E6924A /* DefaultFavoritesLocalStorage.swift */ = {isa = PBXFileReference; lastKnownFileType = sourcecode.swift; path = DefaultFavoritesLocalStorage.swift; sourceTree = "<group>"; };
		77A68DF72446A47100E6924A /* StationFavoriteCD+PersistenceStore.swift */ = {isa = PBXFileReference; lastKnownFileType = sourcecode.swift; path = "StationFavoriteCD+PersistenceStore.swift"; sourceTree = "<group>"; };
		77B6AE322448989700D4D637 /* FavoriteTableViewCell.swift */ = {isa = PBXFileReference; lastKnownFileType = sourcecode.swift; path = FavoriteTableViewCell.swift; sourceTree = "<group>"; };
		77B6AE332448989700D4D637 /* FavoriteTableViewCell.xib */ = {isa = PBXFileReference; lastKnownFileType = file.xib; path = FavoriteTableViewCell.xib; sourceTree = "<group>"; };
		77B6AE37244898B600D4D637 /* FavoriteTableViewModel.swift */ = {isa = PBXFileReference; lastKnownFileType = sourcecode.swift; path = FavoriteTableViewModel.swift; sourceTree = "<group>"; };
		77B9469A235AD7D7006C3EEA /* Interactor.swift */ = {isa = PBXFileReference; lastKnownFileType = sourcecode.swift; path = Interactor.swift; sourceTree = "<group>"; };
		77B9469C235AD7E6006C3EEA /* DismissAnimator.swift */ = {isa = PBXFileReference; lastKnownFileType = sourcecode.swift; path = DismissAnimator.swift; sourceTree = "<group>"; };
		77B957B023DC0D1800220426 /* PopularSceneDIContainer.swift */ = {isa = PBXFileReference; lastKnownFileType = sourcecode.swift; path = PopularSceneDIContainer.swift; sourceTree = "<group>"; };
		77B957B223DC170D00220426 /* FetchFavoritesStationsUseCase.swift */ = {isa = PBXFileReference; lastKnownFileType = sourcecode.swift; path = FetchFavoritesStationsUseCase.swift; sourceTree = "<group>"; };
		77B957B423DC188300220426 /* SimpleStation.swift */ = {isa = PBXFileReference; lastKnownFileType = sourcecode.swift; path = SimpleStation.swift; sourceTree = "<group>"; };
		77B957B823DC19DD00220426 /* StationFavoriteCD+Mappings.swift */ = {isa = PBXFileReference; lastKnownFileType = sourcecode.swift; path = "StationFavoriteCD+Mappings.swift"; sourceTree = "<group>"; };
		77B957BC23DC1D0500220426 /* FavoritesLocalStorage.swift */ = {isa = PBXFileReference; lastKnownFileType = sourcecode.swift; path = FavoritesLocalStorage.swift; sourceTree = "<group>"; };
		77BACF8424E5B73E003B3EB1 /* AppCoordinator.swift */ = {isa = PBXFileReference; lastKnownFileType = sourcecode.swift; path = AppCoordinator.swift; sourceTree = "<group>"; };
		77BACF8624E5B75C003B3EB1 /* Coordinator.swift */ = {isa = PBXFileReference; lastKnownFileType = sourcecode.swift; name = Coordinator.swift; path = RadiosPeru/Application/Coordinator.swift; sourceTree = SOURCE_ROOT; };
		77BACF8824E5B776003B3EB1 /* NavigationCoordinator.swift */ = {isa = PBXFileReference; lastKnownFileType = sourcecode.swift; name = NavigationCoordinator.swift; path = RadiosPeru/Application/NavigationCoordinator.swift; sourceTree = SOURCE_ROOT; };
		77C9D3EC23DB990400C6FD55 /* StationsLocalStorage.swift */ = {isa = PBXFileReference; lastKnownFileType = sourcecode.swift; path = StationsLocalStorage.swift; sourceTree = "<group>"; };
		77C9D3EF23DB992700C6FD55 /* CoreDataStorage.swift */ = {isa = PBXFileReference; lastKnownFileType = sourcecode.swift; path = CoreDataStorage.swift; sourceTree = "<group>"; };
		77C9D3F223DBA4F700C6FD55 /* Station+Mappings.swift */ = {isa = PBXFileReference; lastKnownFileType = sourcecode.swift; path = "Station+Mappings.swift"; sourceTree = "<group>"; };
		77C9D3F623DBC30B00C6FD55 /* FetchStationsLocalUseCase.swift */ = {isa = PBXFileReference; lastKnownFileType = sourcecode.swift; path = FetchStationsLocalUseCase.swift; sourceTree = "<group>"; };
		77CA145A23689CB9001BF04E /* ApiError.swift */ = {isa = PBXFileReference; lastKnownFileType = sourcecode.swift; path = ApiError.swift; sourceTree = "<group>"; };
		77CE5D4323DF29E1008C5ECA /* ToogleFavoritesUseCase.swift */ = {isa = PBXFileReference; lastKnownFileType = sourcecode.swift; path = ToogleFavoritesUseCase.swift; sourceTree = "<group>"; };
		77CE5D4523DF3289008C5ECA /* AskFavoriteUseCase.swift */ = {isa = PBXFileReference; lastKnownFileType = sourcecode.swift; path = AskFavoriteUseCase.swift; sourceTree = "<group>"; };
		77CE5D4723DF4DE6008C5ECA /* PersistenceStorage.swift */ = {isa = PBXFileReference; lastKnownFileType = sourcecode.swift; path = PersistenceStorage.swift; sourceTree = "<group>"; };
		77D51744237C988B00B7DCC9 /* Station.swift */ = {isa = PBXFileReference; lastKnownFileType = sourcecode.swift; path = Station.swift; sourceTree = "<group>"; };
		77D51746237C989200B7DCC9 /* StationFavoriteCD.swift */ = {isa = PBXFileReference; lastKnownFileType = sourcecode.swift; path = StationFavoriteCD.swift; sourceTree = "<group>"; };
		77D5175A237C9A8300B7DCC9 /* RadiosPeru.xcdatamodel */ = {isa = PBXFileReference; lastKnownFileType = wrapper.xcdatamodel; path = RadiosPeru.xcdatamodel; sourceTree = "<group>"; };
		77D5175C237C9BAE00B7DCC9 /* Group.swift */ = {isa = PBXFileReference; lastKnownFileType = sourcecode.swift; path = Group.swift; sourceTree = "<group>"; };
		77D5175F237C9CD500B7DCC9 /* Base */ = {isa = PBXFileReference; lastKnownFileType = file.storyboard; name = Base; path = RadiosPeru/StoryBoards/Base.lproj/MainViewControler.storyboard; sourceTree = "<group>"; };
		77D51761237C9DA500B7DCC9 /* InitialViewController.swift */ = {isa = PBXFileReference; lastKnownFileType = sourcecode.swift; path = InitialViewController.swift; sourceTree = "<group>"; };
		77D51763237C9DB200B7DCC9 /* InitialViewModel.swift */ = {isa = PBXFileReference; lastKnownFileType = sourcecode.swift; path = InitialViewModel.swift; sourceTree = "<group>"; };
		77D51765237C9FD200B7DCC9 /* StationResult.swift */ = {isa = PBXFileReference; lastKnownFileType = sourcecode.swift; path = StationResult.swift; sourceTree = "<group>"; };
		77D51767237CA04400B7DCC9 /* StationProvider.swift */ = {isa = PBXFileReference; lastKnownFileType = sourcecode.swift; path = StationProvider.swift; sourceTree = "<group>"; };
		77D9A0D723DA371900DDCE06 /* FetchShowOnlineInfoUseCase.swift */ = {isa = PBXFileReference; lastKnownFileType = sourcecode.swift; path = FetchShowOnlineInfoUseCase.swift; sourceTree = "<group>"; };
		77D9A0D923DA373600DDCE06 /* FetchStationsUseCase.swift */ = {isa = PBXFileReference; lastKnownFileType = sourcecode.swift; path = FetchStationsUseCase.swift; sourceTree = "<group>"; };
		77D9A0DF23DA38EF00DDCE06 /* StationsRepository.swift */ = {isa = PBXFileReference; lastKnownFileType = sourcecode.swift; path = StationsRepository.swift; sourceTree = "<group>"; };
		77D9A0E123DA38F900DDCE06 /* FavoritesRepository.swift */ = {isa = PBXFileReference; lastKnownFileType = sourcecode.swift; path = FavoritesRepository.swift; sourceTree = "<group>"; };
		77D9A0E523DA3D0300DDCE06 /* StationsLocalRepository.swift */ = {isa = PBXFileReference; lastKnownFileType = sourcecode.swift; path = StationsLocalRepository.swift; sourceTree = "<group>"; };
		77D9A0E723DA3F3B00DDCE06 /* ShowDetailsRepository.swift */ = {isa = PBXFileReference; lastKnownFileType = sourcecode.swift; path = ShowDetailsRepository.swift; sourceTree = "<group>"; };
		77D9A0EB23DA427C00DDCE06 /* DataTransferService.swift */ = {isa = PBXFileReference; lastKnownFileType = sourcecode.swift; path = DataTransferService.swift; sourceTree = "<group>"; };
		77D9A0ED23DA451500DDCE06 /* DefaultStationsRepository.swift */ = {isa = PBXFileReference; lastKnownFileType = sourcecode.swift; path = DefaultStationsRepository.swift; sourceTree = "<group>"; };
		77D9A0F023DA454B00DDCE06 /* DefaultStationsLocalRepository.swift */ = {isa = PBXFileReference; lastKnownFileType = sourcecode.swift; path = DefaultStationsLocalRepository.swift; sourceTree = "<group>"; };
		77D9A0F223DA457A00DDCE06 /* DefaultFavoritesRepository.swift */ = {isa = PBXFileReference; lastKnownFileType = sourcecode.swift; path = DefaultFavoritesRepository.swift; sourceTree = "<group>"; };
		77D9A0F423DA459C00DDCE06 /* DefaultShowDetailsRepository.swift */ = {isa = PBXFileReference; lastKnownFileType = sourcecode.swift; path = DefaultShowDetailsRepository.swift; sourceTree = "<group>"; };
		77D9A0F623DA526100DDCE06 /* ApiClient.swift */ = {isa = PBXFileReference; lastKnownFileType = sourcecode.swift; path = ApiClient.swift; sourceTree = "<group>"; };
		77D9A0F823DA556600DDCE06 /* AppDIContainer.swift */ = {isa = PBXFileReference; lastKnownFileType = sourcecode.swift; path = AppDIContainer.swift; sourceTree = "<group>"; };
		77D9A0FA23DA55C500DDCE06 /* InitialSceneDIContainer.swift */ = {isa = PBXFileReference; lastKnownFileType = sourcecode.swift; path = InitialSceneDIContainer.swift; sourceTree = "<group>"; };
		77D9A0FC23DA5F8F00DDCE06 /* StationRemote.swift */ = {isa = PBXFileReference; lastKnownFileType = sourcecode.swift; path = StationRemote.swift; sourceTree = "<group>"; };
		77DB241123DD2AEC001082E9 /* FavoriteSceneDIContainer.swift */ = {isa = PBXFileReference; lastKnownFileType = sourcecode.swift; path = FavoriteSceneDIContainer.swift; sourceTree = "<group>"; };
		77E5AF6223D9F39800509BC2 /* ShowRPP+Decodable.swift */ = {isa = PBXFileReference; lastKnownFileType = sourcecode.swift; path = "ShowRPP+Decodable.swift"; sourceTree = "<group>"; };
		77E5AF6523D9F45200509BC2 /* ShowCRP+Decodable.swift */ = {isa = PBXFileReference; lastKnownFileType = sourcecode.swift; path = "ShowCRP+Decodable.swift"; sourceTree = "<group>"; };
		77E5AF6723D9F52D00509BC2 /* Group+Decodable.swift */ = {isa = PBXFileReference; lastKnownFileType = sourcecode.swift; path = "Group+Decodable.swift"; sourceTree = "<group>"; };
		77E5AF6923D9F66D00509BC2 /* GrupoRPPResult+Decodable.swift */ = {isa = PBXFileReference; lastKnownFileType = sourcecode.swift; path = "GrupoRPPResult+Decodable.swift"; sourceTree = "<group>"; };
		77F3CEC3237F4F8E00FA49B6 /* PlayInfoSource.swift */ = {isa = PBXFileReference; lastKnownFileType = sourcecode.swift; path = PlayInfoSource.swift; sourceTree = "<group>"; };
		77F65DFB2371E1CA00677DB8 /* MiniPlayerViewController.storyboard */ = {isa = PBXFileReference; fileEncoding = 4; lastKnownFileType = file.storyboard; path = MiniPlayerViewController.storyboard; sourceTree = "<group>"; };
		77F7CA6D23686FB800E1D64A /* ShowCRP.swift */ = {isa = PBXFileReference; lastKnownFileType = sourcecode.swift; path = ShowCRP.swift; sourceTree = "<group>"; };
/* End PBXFileReference section */

/* Begin PBXFrameworksBuildPhase section */
		77421B0E2358FEE500A23C79 /* Frameworks */ = {
			isa = PBXFrameworksBuildPhase;
			buildActionMask = 2147483647;
			files = (
				77459D42287726FB0049EF78 /* RxCocoa in Frameworks */,
				77459D3F287724C40049EF78 /* Kingfisher in Frameworks */,
				77459D44287726FB0049EF78 /* RxSwift in Frameworks */,
				77459D47287727770049EF78 /* RxDataSources in Frameworks */,
			);
			runOnlyForDeploymentPostprocessing = 0;
		};
/* End PBXFrameworksBuildPhase section */

/* Begin PBXGroup section */
		54521FDC5C65B6C9C9BF7229 /* Pods */ = {
			isa = PBXGroup;
			children = (
			);
			path = Pods;
			sourceTree = "<group>";
		};
		770282DD235C08BD000098DB /* MiniPlayer */ = {
			isa = PBXGroup;
			children = (
				7784645D24EEB9DD004DEB3C /* Flow */,
				77BCBBE523DFB5BC00CA5281 /* ViewModel */,
				77BCBBEB23DFB5F100CA5281 /* View */,
			);
			path = MiniPlayer;
			sourceTree = "<group>";
		};
		77236FA723677C67009C80D0 /* Network */ = {
			isa = PBXGroup;
			children = (
				77D9A0F623DA526100DDCE06 /* ApiClient.swift */,
				77236FA323677C56009C80D0 /* EndPoint.swift */,
				77CA145A23689CB9001BF04E /* ApiError.swift */,
			);
			path = Network;
			sourceTree = "<group>";
		};
		77236FAD236786FE009C80D0 /* Entities */ = {
			isa = PBXGroup;
			children = (
				770A6BFE2368978500FDE4F6 /* Show.swift */,
				77E5AF6B23D9F85500509BC2 /* Rpp */,
				77E5AF6C23D9F88900509BC2 /* Crp */,
				77D5175C237C9BAE00B7DCC9 /* Group.swift */,
				77D51765237C9FD200B7DCC9 /* StationResult.swift */,
				77D9A0FC23DA5F8F00DDCE06 /* StationRemote.swift */,
				77B957B423DC188300220426 /* SimpleStation.swift */,
				776FE6992459BFCE000604A0 /* Event.swift */,
				779ECA9E245D4DA100987EE7 /* EventPlay.swift */,
				7744852C245D6364009F8865 /* EventFavorite.swift */,
				779ECAAB245D51A400987EE7 /* EventType.swift */,
			);
			path = Entities;
			sourceTree = "<group>";
		};
		7739E80A235E4A690071882A /* Libraries */ = {
			isa = PBXGroup;
			children = (
				7742E82F24EDDD6600404259 /* RadioPlayerProtocol.swift */,
				7739E808235E4A610071882A /* RadioPlayer.swift */,
				7739E80B235E4B980071882A /* ApiPlayer.swift */,
				77F3CEC3237F4F8E00FA49B6 /* PlayInfoSource.swift */,
			);
			path = Libraries;
			sourceTree = "<group>";
		};
		773D455E2368EE72007B755D /* Favorites */ = {
			isa = PBXGroup;
			children = (
				7784645C24EEB9C9004DEB3C /* DI */,
				77BCBBE323DFB5B000CA5281 /* ViewModel */,
				77BCBBE923DFB5E100CA5281 /* View */,
			);
			path = Favorites;
			sourceTree = "<group>";
		};
		77421B082358FEE500A23C79 = {
			isa = PBXGroup;
			children = (
				77421B132358FEE500A23C79 /* RadiosPeru */,
				77421B122358FEE500A23C79 /* Products */,
				54521FDC5C65B6C9C9BF7229 /* Pods */,
			);
			sourceTree = "<group>";
		};
		77421B122358FEE500A23C79 /* Products */ = {
			isa = PBXGroup;
			children = (
				77421B112358FEE500A23C79 /* RadiosPeru.app */,
			);
			name = Products;
			sourceTree = "<group>";
		};
		77421B132358FEE500A23C79 /* RadiosPeru */ = {
			isa = PBXGroup;
			children = (
				777CEDD123D90CB000FCD04B /* Application */,
				77E5AF5D23D9F0C200509BC2 /* Domain */,
				777CEDCF23D90C8200FCD04B /* Presentation */,
				77E5AF6023D9F31800509BC2 /* Data */,
				77E5AF6123D9F35B00509BC2 /* Infraestructure */,
				7739E80A235E4A690071882A /* Libraries */,
				777CEDD023D90CA100FCD04B /* Resources */,
				77D9A0DD23DA388C00DDCE06 /* Common */,
			);
			path = RadiosPeru;
			sourceTree = "<group>";
		};
		7755B526235A13F0004E642B /* Popular */ = {
			isa = PBXGroup;
			children = (
				7784645B24EEB9B3004DEB3C /* DI */,
				77BCBBE223DFB5AA00CA5281 /* ViewModel */,
				77BCBBE823DFB5D900CA5281 /* View */,
			);
			path = Popular;
			sourceTree = "<group>";
		};
		7778B16A244C233300FDB767 /* Fonts */ = {
			isa = PBXGroup;
			children = (
				7778B161244C1E4100FDB767 /* ProximaNova-Thin.otf */,
				7778B160244C1E4100FDB767 /* ProximaNova-Regular.otf */,
				777AF537244C02770004EB87 /* ProximaNova-Bold.otf */,
			);
			path = Fonts;
			sourceTree = "<group>";
		};
		7778B16B244C234C00FDB767 /* Font */ = {
			isa = PBXGroup;
			children = (
				7778B15C244C1ACA00FDB767 /* Font.swift */,
				7778B15E244C1B2900FDB767 /* FontSize.swift */,
				7778B166244C1E8A00FDB767 /* FontType.swift */,
				7778B168244C1F9500FDB767 /* UIFont+Loader.swift */,
			);
			path = Font;
			sourceTree = "<group>";
		};
		777AF534244BD93E0004EB87 /* LocalNetwork */ = {
			isa = PBXGroup;
			children = (
				777AF532244BD6C90004EB87 /* LocalClient.swift */,
				771B23D0244A61A900260E97 /* stations.json */,
			);
			path = LocalNetwork;
			sourceTree = "<group>";
		};
		777CEDCE23D90C7A00FCD04B /* Utils */ = {
			isa = PBXGroup;
			children = (
				7778B158244C17CD00FDB767 /* ColorPalette.swift */,
				7742E82724EDD42500404259 /* Dequeuable.swift */,
				777CEDCA23D90C6500FCD04B /* StoryboardInstantiable.swift */,
				777CEDCC23D90C6F00FCD04B /* SimpleViewState.swift */,
				7784646024EEBD35004DEB3C /* NiblessViewController.swift */,
				77B9469F235AD80D006C3EEA /* Transitions */,
				7784645F24EEBAD5004DEB3C /* Extensions */,
				7778B16B244C234C00FDB767 /* Font */,
			);
			path = Utils;
			sourceTree = "<group>";
		};
		777CEDCF23D90C8200FCD04B /* Presentation */ = {
			isa = PBXGroup;
			children = (
				77A3D80023DB3442003FF385 /* Initial */,
				77A3D80123DB344E003FF385 /* Main */,
				7755B526235A13F0004E642B /* Popular */,
				773D455E2368EE72007B755D /* Favorites */,
				77964892235A569D00813C48 /* Player */,
				770282DD235C08BD000098DB /* MiniPlayer */,
				77BCBBDF23DFB55E00CA5281 /* Common Views */,
				777CEDCE23D90C7A00FCD04B /* Utils */,
			);
			path = Presentation;
			sourceTree = "<group>";
		};
		777CEDD023D90CA100FCD04B /* Resources */ = {
			isa = PBXGroup;
			children = (
				77421B1D2358FEE700A23C79 /* LaunchScreen.storyboard */,
				77421B1B2358FEE700A23C79 /* Assets.xcassets */,
				77435123245E795900345320 /* Info.plist */,
				779691ED245DE7F900318333 /* GoogleServiceFiles */,
				7778B16A244C233300FDB767 /* Fonts */,
				77A0084A244E6B960024A3ED /* Localizable.strings */,
			);
			path = Resources;
			sourceTree = "<group>";
		};
		777CEDD123D90CB000FCD04B /* Application */ = {
			isa = PBXGroup;
			children = (
				77421B142358FEE500A23C79 /* AppDelegate.swift */,
				77A3D7F923DB2ADC003FF385 /* AppAppearance.swift */,
				77A3D7FB23DB2AFC003FF385 /* Coordinator */,
			);
			path = Application;
			sourceTree = "<group>";
		};
		7784645924EEB988004DEB3C /* Flow */ = {
			isa = PBXGroup;
			children = (
				77D9A0FA23DA55C500DDCE06 /* InitialSceneDIContainer.swift */,
				778380E724E5CA8C006EC3C7 /* InitialCoordinator.swift */,
			);
			path = Flow;
			sourceTree = "<group>";
		};
		7784645A24EEB998004DEB3C /* Flow */ = {
			isa = PBXGroup;
			children = (
				77A3D7FC23DB2DF9003FF385 /* MainSceneDIContainer.swift */,
				778380E924E5CA9A006EC3C7 /* MainCoordinator.swift */,
			);
			path = Flow;
			sourceTree = "<group>";
		};
		7784645B24EEB9B3004DEB3C /* DI */ = {
			isa = PBXGroup;
			children = (
				77B957B023DC0D1800220426 /* PopularSceneDIContainer.swift */,
			);
			path = DI;
			sourceTree = "<group>";
		};
		7784645C24EEB9C9004DEB3C /* DI */ = {
			isa = PBXGroup;
			children = (
				77DB241123DD2AEC001082E9 /* FavoriteSceneDIContainer.swift */,
			);
			path = DI;
			sourceTree = "<group>";
		};
		7784645D24EEB9DD004DEB3C /* Flow */ = {
			isa = PBXGroup;
			children = (
				7772942F23DE5EEA008F5305 /* MiniPlayerSceneDIContainer.swift */,
			);
			path = Flow;
			sourceTree = "<group>";
		};
		7784645E24EEB9F8004DEB3C /* DI */ = {
			isa = PBXGroup;
			children = (
				7772943123DE6319008F5305 /* PlayerSceneDIContainer.swift */,
			);
			path = DI;
			sourceTree = "<group>";
		};
		7784645F24EEBAD5004DEB3C /* Extensions */ = {
			isa = PBXGroup;
			children = (
				774778D92444CA780020245A /* UIImageView+Kingfisher.swift */,
				77A2757C2447D42E00E0C490 /* UIButton+Animation.swift */,
				77A0084D244E749A0024A3ED /* String+Localizable.swift */,
				7742E82924EDD43900404259 /* UITableView+Extensions.swift */,
				7742E82D24EDD75800404259 /* UICollectionView+Extensions.swift */,
			);
			path = Extensions;
			sourceTree = "<group>";
		};
		779359E12455567900F4C332 /* FireStore */ = {
			isa = PBXGroup;
			children = (
				776FE6972459BB2C000604A0 /* TransferServiceProtocol.swift */,
			);
			path = FireStore;
			sourceTree = "<group>";
		};
		77964892235A569D00813C48 /* Player */ = {
			isa = PBXGroup;
			children = (
				7784645E24EEB9F8004DEB3C /* DI */,
				77BCBBE423DFB5B700CA5281 /* ViewModel */,
				77BCBBEA23DFB5E900CA5281 /* View */,
			);
			path = Player;
			sourceTree = "<group>";
		};
		779691ED245DE7F900318333 /* GoogleServiceFiles */ = {
			isa = PBXGroup;
			children = (
				7743511E245E74EB00345320 /* GoogleService-Info.DEV.plist */,
				7743511F245E74EB00345320 /* GoogleService-Info.PROD.plist */,
			);
			path = GoogleServiceFiles;
			sourceTree = "<group>";
		};
		779ECAA8245D507D00987EE7 /* Analytics */ = {
			isa = PBXGroup;
			children = (
				779ECAA6245D507900987EE7 /* AnalyticsServiceProtocol.swift */,
			);
			path = Analytics;
			sourceTree = "<group>";
		};
		77A1432E24450E02003EF18A /* Protocols */ = {
			isa = PBXGroup;
			children = (
				77A1432C24450DFE003EF18A /* Managed.swift */,
			);
			path = Protocols;
			sourceTree = "<group>";
		};
		77A1432F24450E09003EF18A /* Extensions */ = {
			isa = PBXGroup;
			children = (
				772F53D92444F5720065E45C /* NSManagedObjectContext+Extensions.swift */,
			);
			path = Extensions;
			sourceTree = "<group>";
		};
		77A1433024450E12003EF18A /* Helpers */ = {
			isa = PBXGroup;
			children = (
				77A1432F24450E09003EF18A /* Extensions */,
				77A1432E24450E02003EF18A /* Protocols */,
			);
			path = Helpers;
			sourceTree = "<group>";
		};
		77A3D7FB23DB2AFC003FF385 /* Coordinator */ = {
			isa = PBXGroup;
			children = (
				77BACF8424E5B73E003B3EB1 /* AppCoordinator.swift */,
				77D9A0F823DA556600DDCE06 /* AppDIContainer.swift */,
			);
			path = Coordinator;
			sourceTree = "<group>";
		};
		77A3D80023DB3442003FF385 /* Initial */ = {
			isa = PBXGroup;
			children = (
				7784645924EEB988004DEB3C /* Flow */,
				77BCBBE023DFB59E00CA5281 /* ViewModel */,
				77BCBBE623DFB5C500CA5281 /* View */,
			);
			path = Initial;
			sourceTree = "<group>";
		};
		77A3D80123DB344E003FF385 /* Main */ = {
			isa = PBXGroup;
			children = (
				7784645A24EEB998004DEB3C /* Flow */,
				77BCBBE123DFB5A400CA5281 /* ViewModel */,
				77BCBBE723DFB5D000CA5281 /* View */,
			);
			path = Main;
			sourceTree = "<group>";
		};
		77B6AE2F2448983700D4D637 /* PopularCollectionCell */ = {
			isa = PBXGroup;
			children = (
				7755B52F235A15D2004E642B /* PopularCellViewModel.swift */,
				7755B52B235A144F004E642B /* PopularViewCell.swift */,
				7755B52C235A144F004E642B /* PopularViewCell.xib */,
			);
			path = PopularCollectionCell;
			sourceTree = "<group>";
		};
		77B6AE362448989C00D4D637 /* FavoriteTableViewCell */ = {
			isa = PBXGroup;
			children = (
				77B6AE37244898B600D4D637 /* FavoriteTableViewModel.swift */,
				77B6AE322448989700D4D637 /* FavoriteTableViewCell.swift */,
				77B6AE332448989700D4D637 /* FavoriteTableViewCell.xib */,
			);
			path = FavoriteTableViewCell;
			sourceTree = "<group>";
		};
		77B9469F235AD80D006C3EEA /* Transitions */ = {
			isa = PBXGroup;
			children = (
				77B9469A235AD7D7006C3EEA /* Interactor.swift */,
				77B9469C235AD7E6006C3EEA /* DismissAnimator.swift */,
			);
			path = Transitions;
			sourceTree = "<group>";
		};
		77B957B623DC18D800220426 /* Entities */ = {
			isa = PBXGroup;
			children = (
				77D51744237C988B00B7DCC9 /* Station.swift */,
				77A68DF1244698B500E6924A /* Station+PersistenceStore.swift */,
				77D51746237C989200B7DCC9 /* StationFavoriteCD.swift */,
				77A68DF72446A47100E6924A /* StationFavoriteCD+PersistenceStore.swift */,
			);
			path = Entities;
			sourceTree = "<group>";
		};
		77B957B723DC190000220426 /* EntityMapping */ = {
			isa = PBXGroup;
			children = (
				77C9D3F223DBA4F700C6FD55 /* Station+Mappings.swift */,
				77B957B823DC19DD00220426 /* StationFavoriteCD+Mappings.swift */,
			);
			path = EntityMapping;
			sourceTree = "<group>";
		};
		77BCBBDF23DFB55E00CA5281 /* Common Views */ = {
			isa = PBXGroup;
			children = (
				77A4E2062448A26F00086186 /* MessageView.swift */,
			);
			path = "Common Views";
			sourceTree = "<group>";
		};
		77BCBBE023DFB59E00CA5281 /* ViewModel */ = {
			isa = PBXGroup;
			children = (
				77D51763237C9DB200B7DCC9 /* InitialViewModel.swift */,
			);
			path = ViewModel;
			sourceTree = "<group>";
		};
		77BCBBE123DFB5A400CA5281 /* ViewModel */ = {
			isa = PBXGroup;
			children = (
				774F0CA12372163E002852C3 /* MainViewModel.swift */,
			);
			path = ViewModel;
			sourceTree = "<group>";
		};
		77BCBBE223DFB5AA00CA5281 /* ViewModel */ = {
			isa = PBXGroup;
			children = (
				7755B523235A1350004E642B /* PopularViewModel.swift */,
			);
			path = ViewModel;
			sourceTree = "<group>";
		};
		77BCBBE323DFB5B000CA5281 /* ViewModel */ = {
			isa = PBXGroup;
			children = (
				773D455C2368EE6E007B755D /* FavoritesViewModel.swift */,
			);
			path = ViewModel;
			sourceTree = "<group>";
		};
		77BCBBE423DFB5B700CA5281 /* ViewModel */ = {
			isa = PBXGroup;
			children = (
				77964890235A569900813C48 /* PlayerViewModel.swift */,
			);
			path = ViewModel;
			sourceTree = "<group>";
		};
		77BCBBE523DFB5BC00CA5281 /* ViewModel */ = {
			isa = PBXGroup;
			children = (
				770282DB235C08B9000098DB /* MiniPlayerViewModel.swift */,
			);
			path = ViewModel;
			sourceTree = "<group>";
		};
		77BCBBE623DFB5C500CA5281 /* View */ = {
			isa = PBXGroup;
			children = (
				77D51761237C9DA500B7DCC9 /* InitialViewController.swift */,
			);
			path = View;
			sourceTree = "<group>";
		};
		77BCBBE723DFB5D000CA5281 /* View */ = {
			isa = PBXGroup;
			children = (
				774F0C9F23721555002852C3 /* MainViewController.swift */,
				77D5175E237C9CD500B7DCC9 /* MainViewControler.storyboard */,
			);
			path = View;
			sourceTree = "<group>";
		};
		77BCBBE823DFB5D900CA5281 /* View */ = {
			isa = PBXGroup;
			children = (
				7755B521235A1241004E642B /* PopularViewController.swift */,
				7742E82324EDCE0B00404259 /* PopularRootView.swift */,
				7726B51D2447DF690087AC84 /* SectionAiringToday.swift */,
				77B6AE2F2448983700D4D637 /* PopularCollectionCell */,
			);
			path = View;
			sourceTree = "<group>";
		};
		77BCBBE923DFB5E100CA5281 /* View */ = {
			isa = PBXGroup;
			children = (
				773D455A2368EE58007B755D /* FavoritesViewController.swift */,
				7742E82124EDC88700404259 /* FavoritesRootView.swift */,
				77B6AE362448989C00D4D637 /* FavoriteTableViewCell */,
			);
			path = View;
			sourceTree = "<group>";
		};
		77BCBBEA23DFB5E900CA5281 /* View */ = {
			isa = PBXGroup;
			children = (
				7755B51D2359F1E2004E642B /* PlayerViewController.swift */,
				77421B2B2359116600A23C79 /* PlayerViewController.storyboard */,
			);
			path = View;
			sourceTree = "<group>";
		};
		77BCBBEB23DFB5F100CA5281 /* View */ = {
			isa = PBXGroup;
			children = (
				770282D9235C08AC000098DB /* MiniPlayerViewController.swift */,
				77F65DFB2371E1CA00677DB8 /* MiniPlayerViewController.storyboard */,
				779DF55F23634D8C001F034F /* LoadingPlayerView.swift */,
				774714602363A39100198D9E /* PlayingBarsView.swift */,
			);
			path = View;
			sourceTree = "<group>";
		};
		77C9D3EE23DB990700C6FD55 /* PersistentStorages */ = {
			isa = PBXGroup;
			children = (
				77C9D3EC23DB990400C6FD55 /* StationsLocalStorage.swift */,
				77B957BC23DC1D0500220426 /* FavoritesLocalStorage.swift */,
				77C9D3F123DB993A00C6FD55 /* CoreDataStorage */,
			);
			path = PersistentStorages;
			sourceTree = "<group>";
		};
		77C9D3F123DB993A00C6FD55 /* CoreDataStorage */ = {
			isa = PBXGroup;
			children = (
				77D51759237C9A8300B7DCC9 /* RadiosPeru.xcdatamodeld */,
				77C9D3EF23DB992700C6FD55 /* CoreDataStorage.swift */,
				77A68DF32446A0F500E6924A /* DefaultStationsLocalStorage.swift */,
				77A68DF52446A10400E6924A /* DefaultFavoritesLocalStorage.swift */,
				77CE5D4723DF4DE6008C5ECA /* PersistenceStorage.swift */,
				77B957B623DC18D800220426 /* Entities */,
				77B957B723DC190000220426 /* EntityMapping */,
				77A1433024450E12003EF18A /* Helpers */,
			);
			path = CoreDataStorage;
			sourceTree = "<group>";
		};
		77D9A0DD23DA388C00DDCE06 /* Common */ = {
			isa = PBXGroup;
			children = (
				77BACF8624E5B75C003B3EB1 /* Coordinator.swift */,
				77BACF8824E5B776003B3EB1 /* NavigationCoordinator.swift */,
			);
			path = Common;
			sourceTree = "<group>";
		};
		77D9A0DE23DA38DB00DDCE06 /* UseCases */ = {
			isa = PBXGroup;
			children = (
				77D9A0D923DA373600DDCE06 /* FetchStationsUseCase.swift */,
				77D9A0D723DA371900DDCE06 /* FetchShowOnlineInfoUseCase.swift */,
				77C9D3F623DBC30B00C6FD55 /* FetchStationsLocalUseCase.swift */,
				77B957B223DC170D00220426 /* FetchFavoritesStationsUseCase.swift */,
				77CE5D4323DF29E1008C5ECA /* ToogleFavoritesUseCase.swift */,
				77CE5D4523DF3289008C5ECA /* AskFavoriteUseCase.swift */,
				77A4E2092448D51500086186 /* FavoritesDidChangedUseCase.swift */,
				7785AF7924590DEA003D5238 /* SaveStationError.swift */,
				779ECAA0245D4F2B00987EE7 /* SavePlayingEvent.swift */,
			);
			path = UseCases;
			sourceTree = "<group>";
		};
		77D9A0E323DA38FD00DDCE06 /* Repositories */ = {
			isa = PBXGroup;
			children = (
				77D9A0DF23DA38EF00DDCE06 /* StationsRepository.swift */,
				77D9A0E523DA3D0300DDCE06 /* StationsLocalRepository.swift */,
				77D9A0E123DA38F900DDCE06 /* FavoritesRepository.swift */,
				77D9A0E723DA3F3B00DDCE06 /* ShowDetailsRepository.swift */,
				776FE68D24599E77000604A0 /* EventsRepository.swift */,
				779ECAA2245D4FA800987EE7 /* AnalyticsRepository.swift */,
			);
			path = Repositories;
			sourceTree = "<group>";
		};
		77D9A0E423DA390600DDCE06 /* Interfaces */ = {
			isa = PBXGroup;
			children = (
				77D9A0E323DA38FD00DDCE06 /* Repositories */,
			);
			path = Interfaces;
			sourceTree = "<group>";
		};
		77D9A0EF23DA451D00DDCE06 /* Repositories */ = {
			isa = PBXGroup;
			children = (
				77D9A0ED23DA451500DDCE06 /* DefaultStationsRepository.swift */,
				77D9A0F023DA454B00DDCE06 /* DefaultStationsLocalRepository.swift */,
				77D9A0F223DA457A00DDCE06 /* DefaultFavoritesRepository.swift */,
				77D9A0F423DA459C00DDCE06 /* DefaultShowDetailsRepository.swift */,
				776FE68F24599FA2000604A0 /* DefaultEventsRepository.swift */,
				779ECAA4245D503800987EE7 /* DefaultAnalyticsRepository.swift */,
			);
			path = Repositories;
			sourceTree = "<group>";
		};
		77E5AF5D23D9F0C200509BC2 /* Domain */ = {
			isa = PBXGroup;
			children = (
				77236FAD236786FE009C80D0 /* Entities */,
				77D9A0DE23DA38DB00DDCE06 /* UseCases */,
				77D9A0E423DA390600DDCE06 /* Interfaces */,
			);
			path = Domain;
			sourceTree = "<group>";
		};
		77E5AF5E23D9F30900509BC2 /* Providers */ = {
			isa = PBXGroup;
			children = (
				77236FAE236787B2009C80D0 /* GroupRPPProvider.swift */,
				770A6BFA23687AF400FDE4F6 /* GroupCRPProvider.swift */,
				77D51767237CA04400B7DCC9 /* StationProvider.swift */,
			);
			path = Providers;
			sourceTree = "<group>";
		};
		77E5AF5F23D9F31100509BC2 /* Network */ = {
			isa = PBXGroup;
			children = (
				77E5AF5E23D9F30900509BC2 /* Providers */,
				77E5AF6423D9F39B00509BC2 /* DataMapping */,
			);
			path = Network;
			sourceTree = "<group>";
		};
		77E5AF6023D9F31800509BC2 /* Data */ = {
			isa = PBXGroup;
			children = (
				77D9A0EF23DA451D00DDCE06 /* Repositories */,
				77E5AF5F23D9F31100509BC2 /* Network */,
				77C9D3EE23DB990700C6FD55 /* PersistentStorages */,
			);
			path = Data;
			sourceTree = "<group>";
		};
		77E5AF6123D9F35B00509BC2 /* Infraestructure */ = {
			isa = PBXGroup;
			children = (
				77D9A0EB23DA427C00DDCE06 /* DataTransferService.swift */,
				77236FA723677C67009C80D0 /* Network */,
				777AF534244BD93E0004EB87 /* LocalNetwork */,
				779359E12455567900F4C332 /* FireStore */,
				779ECAA8245D507D00987EE7 /* Analytics */,
			);
			path = Infraestructure;
			sourceTree = "<group>";
		};
		77E5AF6423D9F39B00509BC2 /* DataMapping */ = {
			isa = PBXGroup;
			children = (
				77E5AF6223D9F39800509BC2 /* ShowRPP+Decodable.swift */,
				77E5AF6523D9F45200509BC2 /* ShowCRP+Decodable.swift */,
				77E5AF6723D9F52D00509BC2 /* Group+Decodable.swift */,
				77E5AF6923D9F66D00509BC2 /* GrupoRPPResult+Decodable.swift */,
				772B267D23E1B7D700B0409B /* StationRemote+Decodable.swift */,
				778A96672459EC3100F2E17C /* Event+Encodable.swift */,
			);
			path = DataMapping;
			sourceTree = "<group>";
		};
		77E5AF6B23D9F85500509BC2 /* Rpp */ = {
			isa = PBXGroup;
			children = (
				77236FA823677F9B009C80D0 /* GroupRPPResult.swift */,
				77236FAB236786F8009C80D0 /* ShowRPP.swift */,
			);
			path = Rpp;
			sourceTree = "<group>";
		};
		77E5AF6C23D9F88900509BC2 /* Crp */ = {
			isa = PBXGroup;
			children = (
				77F7CA6D23686FB800E1D64A /* ShowCRP.swift */,
			);
			path = Crp;
			sourceTree = "<group>";
		};
/* End PBXGroup section */

/* Begin PBXNativeTarget section */
		77421B102358FEE500A23C79 /* RadiosPeru */ = {
			isa = PBXNativeTarget;
			buildConfigurationList = 77421B232358FEE700A23C79 /* Build configuration list for PBXNativeTarget "RadiosPeru" */;
			buildPhases = (
				774778D82444B18C0020245A /* Run Script - SwiftLint */,
				77421B0D2358FEE500A23C79 /* Sources */,
				77421B0E2358FEE500A23C79 /* Frameworks */,
				77421B0F2358FEE500A23C79 /* Resources */,
				77E2C813245E806F00EA5B23 /* Run Script - Google Service pList */,
			);
			buildRules = (
			);
			dependencies = (
			);
			name = RadiosPeru;
			packageProductDependencies = (
				77459D3E287724C40049EF78 /* Kingfisher */,
				77459D41287726FB0049EF78 /* RxCocoa */,
				77459D43287726FB0049EF78 /* RxSwift */,
				77459D46287727770049EF78 /* RxDataSources */,
			);
			productName = RadiosPeru;
			productReference = 77421B112358FEE500A23C79 /* RadiosPeru.app */;
			productType = "com.apple.product-type.application";
		};
/* End PBXNativeTarget section */

/* Begin PBXProject section */
		77421B092358FEE500A23C79 /* Project object */ = {
			isa = PBXProject;
			attributes = {
				LastSwiftUpdateCheck = 1030;
				LastUpgradeCheck = 1030;
				ORGANIZATIONNAME = Jeans;
				TargetAttributes = {
					77421B102358FEE500A23C79 = {
						CreatedOnToolsVersion = 10.3;
						SystemCapabilities = {
							com.apple.BackgroundModes = {
								enabled = 1;
							};
						};
					};
				};
			};
			buildConfigurationList = 77421B0C2358FEE500A23C79 /* Build configuration list for PBXProject "RadiosPeru" */;
			compatibilityVersion = "Xcode 9.3";
			developmentRegion = en;
			hasScannedForEncodings = 0;
			knownRegions = (
				en,
				Base,
				es,
			);
			mainGroup = 77421B082358FEE500A23C79;
			packageReferences = (
				77459D3D287724C40049EF78 /* XCRemoteSwiftPackageReference "Kingfisher.git" */,
				77459D40287726FB0049EF78 /* XCRemoteSwiftPackageReference "RxSwift.git" */,
				77459D45287727770049EF78 /* XCRemoteSwiftPackageReference "RxDataSources.git" */,
			);
			productRefGroup = 77421B122358FEE500A23C79 /* Products */;
			projectDirPath = "";
			projectRoot = "";
			targets = (
				77421B102358FEE500A23C79 /* RadiosPeru */,
			);
		};
/* End PBXProject section */

/* Begin PBXResourcesBuildPhase section */
		77421B0F2358FEE500A23C79 /* Resources */ = {
			isa = PBXResourcesBuildPhase;
			buildActionMask = 2147483647;
			files = (
				77D51760237C9CD500B7DCC9 /* MainViewControler.storyboard in Resources */,
				77A00848244E6B960024A3ED /* Localizable.strings in Resources */,
				7778B163244C1E4200FDB767 /* ProximaNova-Regular.otf in Resources */,
				77421B1F2358FEE700A23C79 /* LaunchScreen.storyboard in Resources */,
				771B23D1244A61A900260E97 /* stations.json in Resources */,
				777AF538244C02770004EB87 /* ProximaNova-Bold.otf in Resources */,
				77421B1C2358FEE700A23C79 /* Assets.xcassets in Resources */,
				7755B52E235A144F004E642B /* PopularViewCell.xib in Resources */,
				77F65DFC2371E1CA00677DB8 /* MiniPlayerViewController.storyboard in Resources */,
				7778B164244C1E4200FDB767 /* ProximaNova-Thin.otf in Resources */,
				77B6AE352448989700D4D637 /* FavoriteTableViewCell.xib in Resources */,
				77421B2C2359116600A23C79 /* PlayerViewController.storyboard in Resources */,
			);
			runOnlyForDeploymentPostprocessing = 0;
		};
/* End PBXResourcesBuildPhase section */

/* Begin PBXShellScriptBuildPhase section */
		774778D82444B18C0020245A /* Run Script - SwiftLint */ = {
			isa = PBXShellScriptBuildPhase;
			buildActionMask = 2147483647;
			files = (
			);
			inputFileListPaths = (
			);
			inputPaths = (
			);
			name = "Run Script - SwiftLint";
			outputFileListPaths = (
			);
			outputPaths = (
			);
			runOnlyForDeploymentPostprocessing = 0;
			shellPath = /bin/sh;
			shellScript = "# Type a script or drag a script file from your workspace to insert its path.\nif which swiftlint >/dev/null; then\nswiftlint\nelse\necho \"warning: SwiftLint not installed, download from https://github.com/realm/SwiftLint\"\nfi\n";
		};
		77E2C813245E806F00EA5B23 /* Run Script - Google Service pList */ = {
			isa = PBXShellScriptBuildPhase;
			buildActionMask = 2147483647;
			files = (
			);
			inputFileListPaths = (
			);
			inputPaths = (
			);
			name = "Run Script - Google Service pList";
			outputFileListPaths = (
			);
			outputPaths = (
			);
			runOnlyForDeploymentPostprocessing = 0;
			shellPath = /bin/sh;
			shellScript = "# Type a script or drag a script file from your workspace to insert its path.\n\nPLIST_DEV=${PROJECT_DIR}/${PRODUCT_NAME}/Resources/GoogleServiceFiles/GoogleService-Info.DEV.plist\nPLIST_PROD=${PROJECT_DIR}/${PRODUCT_NAME}/Resources/GoogleServiceFiles/GoogleService-Info.PROD.plist\n\nPLIST_DESTINATION=${BUILT_PRODUCTS_DIR}/${PRODUCT_NAME}.app/GoogleService-Info.plist\n\n# Development Enviroment\n#if [ \"${APP_PREFIX}\" == \"DEV\" ]; then\n#\n#  cp -r \"${PLIST_DEV}\" \"${PLIST_DESTINATION}\"\n#  echo \"Development GoogleService-Info Copy OK\"\n\n# Production Enviroment\nif [ \"${APP_PREFIX}\" == \"PROD\" ]; then\n\n  if [ ! -f $PLIST_PROD ]\n  then\n      echo \"No Development GoogleService-Info.PROD.plist found.\"\n      exit 1\n  fi\n\n  cp -r \"${PLIST_PROD}\" \"${PLIST_DESTINATION}\"\n  echo \"Production GoogleService-Info Copy OK\"\nfi\n";
		};
/* End PBXShellScriptBuildPhase section */

/* Begin PBXSourcesBuildPhase section */
		77421B0D2358FEE500A23C79 /* Sources */ = {
			isa = PBXSourcesBuildPhase;
			buildActionMask = 2147483647;
			files = (
				773D455D2368EE6E007B755D /* FavoritesViewModel.swift in Sources */,
				77A68DF62446A10400E6924A /* DefaultFavoritesLocalStorage.swift in Sources */,
				77C9D3F323DBA4F700C6FD55 /* Station+Mappings.swift in Sources */,
				77CE5D4823DF4DE6008C5ECA /* PersistenceStorage.swift in Sources */,
				77D5175D237C9BAE00B7DCC9 /* Group.swift in Sources */,
				774778DA2444CA780020245A /* UIImageView+Kingfisher.swift in Sources */,
				7739E80C235E4B980071882A /* ApiPlayer.swift in Sources */,
				773D455B2368EE58007B755D /* FavoritesViewController.swift in Sources */,
				77D9A0F923DA556600DDCE06 /* AppDIContainer.swift in Sources */,
				77E5AF6623D9F45200509BC2 /* ShowCRP+Decodable.swift in Sources */,
				77D9A0E023DA38EF00DDCE06 /* StationsRepository.swift in Sources */,
				77D5175B237C9A8300B7DCC9 /* RadiosPeru.xcdatamodeld in Sources */,
				77964891235A569900813C48 /* PlayerViewModel.swift in Sources */,
				77D51747237C989200B7DCC9 /* StationFavoriteCD.swift in Sources */,
				77BACF8524E5B73E003B3EB1 /* AppCoordinator.swift in Sources */,
				77B957B923DC19DD00220426 /* StationFavoriteCD+Mappings.swift in Sources */,
				7778B167244C1E8A00FDB767 /* FontType.swift in Sources */,
				770282DA235C08AC000098DB /* MiniPlayerViewController.swift in Sources */,
				776FE68E24599E77000604A0 /* EventsRepository.swift in Sources */,
				77A4E2072448A26F00086186 /* MessageView.swift in Sources */,
				77D9A0F323DA457A00DDCE06 /* DefaultFavoritesRepository.swift in Sources */,
				776FE69A2459BFCE000604A0 /* Event.swift in Sources */,
				772F53DA2444F5720065E45C /* NSManagedObjectContext+Extensions.swift in Sources */,
				77B957BD23DC1D0500220426 /* FavoritesLocalStorage.swift in Sources */,
				77D9A0DA23DA373600DDCE06 /* FetchStationsUseCase.swift in Sources */,
				770A6BFB23687AF400FDE4F6 /* GroupCRPProvider.swift in Sources */,
				77C9D3F023DB992700C6FD55 /* CoreDataStorage.swift in Sources */,
				77B957B523DC188300220426 /* SimpleStation.swift in Sources */,
				77D9A0EC23DA427C00DDCE06 /* DataTransferService.swift in Sources */,
				77236FA923677F9B009C80D0 /* GroupRPPResult.swift in Sources */,
				77CE5D4623DF3289008C5ECA /* AskFavoriteUseCase.swift in Sources */,
				77E5AF6A23D9F66D00509BC2 /* GrupoRPPResult+Decodable.swift in Sources */,
				77CE5D4423DF29E1008C5ECA /* ToogleFavoritesUseCase.swift in Sources */,
				770282DC235C08B9000098DB /* MiniPlayerViewModel.swift in Sources */,
				774F0CA023721555002852C3 /* MainViewController.swift in Sources */,
				7755B524235A1350004E642B /* PopularViewModel.swift in Sources */,
				77DB241223DD2AEC001082E9 /* FavoriteSceneDIContainer.swift in Sources */,
				7755B522235A1241004E642B /* PopularViewController.swift in Sources */,
				77B957B323DC170D00220426 /* FetchFavoritesStationsUseCase.swift in Sources */,
				77236FAC236786F8009C80D0 /* ShowRPP.swift in Sources */,
				774714612363A39100198D9E /* PlayingBarsView.swift in Sources */,
				77A2757D2447D42E00E0C490 /* UIButton+Animation.swift in Sources */,
				7778B169244C1F9500FDB767 /* UIFont+Loader.swift in Sources */,
				77D9A0E223DA38F900DDCE06 /* FavoritesRepository.swift in Sources */,
				7772943023DE5EEA008F5305 /* MiniPlayerSceneDIContainer.swift in Sources */,
				77A3D7FD23DB2DF9003FF385 /* MainSceneDIContainer.swift in Sources */,
				77A4E20A2448D51500086186 /* FavoritesDidChangedUseCase.swift in Sources */,
				77A68DF2244698B500E6924A /* Station+PersistenceStore.swift in Sources */,
				77D9A0F723DA526100DDCE06 /* ApiClient.swift in Sources */,
				77D9A0EE23DA451500DDCE06 /* DefaultStationsRepository.swift in Sources */,
				77D9A0E823DA3F3B00DDCE06 /* ShowDetailsRepository.swift in Sources */,
				77B9469D235AD7E6006C3EEA /* DismissAnimator.swift in Sources */,
				779ECAA7245D507900987EE7 /* AnalyticsServiceProtocol.swift in Sources */,
				7784646124EEBD36004DEB3C /* NiblessViewController.swift in Sources */,
				7785AF7A24590DEA003D5238 /* SaveStationError.swift in Sources */,
				77B6AE342448989700D4D637 /* FavoriteTableViewCell.swift in Sources */,
				7742E82A24EDD43900404259 /* UITableView+Extensions.swift in Sources */,
				777AF533244BD6C90004EB87 /* LocalClient.swift in Sources */,
				77D9A0F523DA459C00DDCE06 /* DefaultShowDetailsRepository.swift in Sources */,
				77A3D7FA23DB2ADC003FF385 /* AppAppearance.swift in Sources */,
				7744852D245D6364009F8865 /* EventFavorite.swift in Sources */,
				779DF56023634D8C001F034F /* LoadingPlayerView.swift in Sources */,
				77D51768237CA04400B7DCC9 /* StationProvider.swift in Sources */,
				77CA145B23689CB9001BF04E /* ApiError.swift in Sources */,
				776FE6982459BB2C000604A0 /* TransferServiceProtocol.swift in Sources */,
				7778B159244C17CD00FDB767 /* ColorPalette.swift in Sources */,
				7742E82E24EDD75800404259 /* UICollectionView+Extensions.swift in Sources */,
				779ECA9F245D4DA100987EE7 /* EventPlay.swift in Sources */,
				77B9469B235AD7D7006C3EEA /* Interactor.swift in Sources */,
				77C9D3F723DBC30B00C6FD55 /* FetchStationsLocalUseCase.swift in Sources */,
				77D51745237C988B00B7DCC9 /* Station.swift in Sources */,
				77A1432D24450DFE003EF18A /* Managed.swift in Sources */,
				778380E824E5CA8C006EC3C7 /* InitialCoordinator.swift in Sources */,
				77236FA423677C56009C80D0 /* EndPoint.swift in Sources */,
				77D9A0D823DA371900DDCE06 /* FetchShowOnlineInfoUseCase.swift in Sources */,
				77E5AF6823D9F52D00509BC2 /* Group+Decodable.swift in Sources */,
				77A0084E244E749A0024A3ED /* String+Localizable.swift in Sources */,
				777CEDCD23D90C6F00FCD04B /* SimpleViewState.swift in Sources */,
				7742E82224EDC88700404259 /* FavoritesRootView.swift in Sources */,
				779ECAA1245D4F2B00987EE7 /* SavePlayingEvent.swift in Sources */,
				778380EA24E5CA9A006EC3C7 /* MainCoordinator.swift in Sources */,
				77BACF8724E5B75D003B3EB1 /* Coordinator.swift in Sources */,
				7742E82824EDD42500404259 /* Dequeuable.swift in Sources */,
				77A68DF82446A47100E6924A /* StationFavoriteCD+PersistenceStore.swift in Sources */,
				77B957B123DC0D1800220426 /* PopularSceneDIContainer.swift in Sources */,
				779ECAA5245D503800987EE7 /* DefaultAnalyticsRepository.swift in Sources */,
				7778B15D244C1ACA00FDB767 /* Font.swift in Sources */,
				77E5AF6323D9F39800509BC2 /* ShowRPP+Decodable.swift in Sources */,
				77F3CEC4237F4F8E00FA49B6 /* PlayInfoSource.swift in Sources */,
				7742E83024EDDD6600404259 /* RadioPlayerProtocol.swift in Sources */,
				7739E809235E4A610071882A /* RadioPlayer.swift in Sources */,
				777CEDCB23D90C6500FCD04B /* StoryboardInstantiable.swift in Sources */,
				7726B51E2447DF690087AC84 /* SectionAiringToday.swift in Sources */,
				7772943223DE6319008F5305 /* PlayerSceneDIContainer.swift in Sources */,
				77D51766237C9FD200B7DCC9 /* StationResult.swift in Sources */,
				7742E82424EDCE0B00404259 /* PopularRootView.swift in Sources */,
				779ECAAC245D51A400987EE7 /* EventType.swift in Sources */,
				77236FAF236787B3009C80D0 /* GroupRPPProvider.swift in Sources */,
				7755B530235A15D2004E642B /* PopularCellViewModel.swift in Sources */,
				77BACF8924E5B776003B3EB1 /* NavigationCoordinator.swift in Sources */,
				7778B15F244C1B2900FDB767 /* FontSize.swift in Sources */,
				77D9A0F123DA454B00DDCE06 /* DefaultStationsLocalRepository.swift in Sources */,
				77C9D3ED23DB990400C6FD55 /* StationsLocalStorage.swift in Sources */,
				77D51762237C9DA500B7DCC9 /* InitialViewController.swift in Sources */,
				77B6AE38244898B600D4D637 /* FavoriteTableViewModel.swift in Sources */,
				77D9A0E623DA3D0300DDCE06 /* StationsLocalRepository.swift in Sources */,
				779ECAA3245D4FA900987EE7 /* AnalyticsRepository.swift in Sources */,
				77F7CA6E23686FB800E1D64A /* ShowCRP.swift in Sources */,
				77421B152358FEE500A23C79 /* AppDelegate.swift in Sources */,
				7755B51E2359F1E2004E642B /* PlayerViewController.swift in Sources */,
				77D9A0FB23DA55C500DDCE06 /* InitialSceneDIContainer.swift in Sources */,
				776FE69024599FA2000604A0 /* DefaultEventsRepository.swift in Sources */,
				770A6BFF2368978500FDE4F6 /* Show.swift in Sources */,
				77D9A0FD23DA5F8F00DDCE06 /* StationRemote.swift in Sources */,
				778A96682459EC3100F2E17C /* Event+Encodable.swift in Sources */,
				772B267E23E1B7D700B0409B /* StationRemote+Decodable.swift in Sources */,
				77D51764237C9DB200B7DCC9 /* InitialViewModel.swift in Sources */,
				77A68DF42446A0F500E6924A /* DefaultStationsLocalStorage.swift in Sources */,
				7755B52D235A144F004E642B /* PopularViewCell.swift in Sources */,
				774F0CA22372163E002852C3 /* MainViewModel.swift in Sources */,
			);
			runOnlyForDeploymentPostprocessing = 0;
		};
/* End PBXSourcesBuildPhase section */

/* Begin PBXVariantGroup section */
		77421B1D2358FEE700A23C79 /* LaunchScreen.storyboard */ = {
			isa = PBXVariantGroup;
			children = (
				77421B1E2358FEE700A23C79 /* Base */,
			);
			name = LaunchScreen.storyboard;
			sourceTree = "<group>";
		};
		77A0084A244E6B960024A3ED /* Localizable.strings */ = {
			isa = PBXVariantGroup;
			children = (
				77A00849244E6B960024A3ED /* en */,
				77A0084B244E6CF60024A3ED /* es */,
			);
			name = Localizable.strings;
			sourceTree = "<group>";
		};
		77D5175E237C9CD500B7DCC9 /* MainViewControler.storyboard */ = {
			isa = PBXVariantGroup;
			children = (
				77D5175F237C9CD500B7DCC9 /* Base */,
			);
			name = MainViewControler.storyboard;
			sourceTree = "<group>";
		};
/* End PBXVariantGroup section */

/* Begin XCBuildConfiguration section */
		77421B212358FEE700A23C79 /* Debug */ = {
			isa = XCBuildConfiguration;
			buildSettings = {
				ALWAYS_SEARCH_USER_PATHS = NO;
				CLANG_ANALYZER_LOCALIZABILITY_NONLOCALIZED = YES;
				CLANG_ANALYZER_NONNULL = YES;
				CLANG_ANALYZER_NUMBER_OBJECT_CONVERSION = YES_AGGRESSIVE;
				CLANG_CXX_LANGUAGE_STANDARD = "gnu++14";
				CLANG_CXX_LIBRARY = "libc++";
				CLANG_ENABLE_MODULES = YES;
				CLANG_ENABLE_OBJC_ARC = YES;
				CLANG_ENABLE_OBJC_WEAK = YES;
				CLANG_WARN_BLOCK_CAPTURE_AUTORELEASING = YES;
				CLANG_WARN_BOOL_CONVERSION = YES;
				CLANG_WARN_COMMA = YES;
				CLANG_WARN_CONSTANT_CONVERSION = YES;
				CLANG_WARN_DEPRECATED_OBJC_IMPLEMENTATIONS = YES;
				CLANG_WARN_DIRECT_OBJC_ISA_USAGE = YES_ERROR;
				CLANG_WARN_DOCUMENTATION_COMMENTS = YES;
				CLANG_WARN_EMPTY_BODY = YES;
				CLANG_WARN_ENUM_CONVERSION = YES;
				CLANG_WARN_INFINITE_RECURSION = YES;
				CLANG_WARN_INT_CONVERSION = YES;
				CLANG_WARN_NON_LITERAL_NULL_CONVERSION = YES;
				CLANG_WARN_OBJC_IMPLICIT_RETAIN_SELF = YES;
				CLANG_WARN_OBJC_LITERAL_CONVERSION = YES;
				CLANG_WARN_OBJC_ROOT_CLASS = YES_ERROR;
				CLANG_WARN_RANGE_LOOP_ANALYSIS = YES;
				CLANG_WARN_STRICT_PROTOTYPES = YES;
				CLANG_WARN_SUSPICIOUS_MOVE = YES;
				CLANG_WARN_UNGUARDED_AVAILABILITY = YES_AGGRESSIVE;
				CLANG_WARN_UNREACHABLE_CODE = YES;
				CLANG_WARN__DUPLICATE_METHOD_MATCH = YES;
				CODE_SIGN_IDENTITY = "iPhone Developer";
				COPY_PHASE_STRIP = NO;
				DEBUG_INFORMATION_FORMAT = dwarf;
				ENABLE_STRICT_OBJC_MSGSEND = YES;
				ENABLE_TESTABILITY = YES;
				GCC_C_LANGUAGE_STANDARD = gnu11;
				GCC_DYNAMIC_NO_PIC = NO;
				GCC_NO_COMMON_BLOCKS = YES;
				GCC_OPTIMIZATION_LEVEL = 0;
				GCC_PREPROCESSOR_DEFINITIONS = (
					"DEBUG=1",
					"$(inherited)",
				);
				GCC_WARN_64_TO_32_BIT_CONVERSION = YES;
				GCC_WARN_ABOUT_RETURN_TYPE = YES_ERROR;
				GCC_WARN_UNDECLARED_SELECTOR = YES;
				GCC_WARN_UNINITIALIZED_AUTOS = YES_AGGRESSIVE;
				GCC_WARN_UNUSED_FUNCTION = YES;
				GCC_WARN_UNUSED_VARIABLE = YES;
				IPHONEOS_DEPLOYMENT_TARGET = 12.4;
				MTL_ENABLE_DEBUG_INFO = INCLUDE_SOURCE;
				MTL_FAST_MATH = YES;
				ONLY_ACTIVE_ARCH = YES;
				SDKROOT = iphoneos;
				SWIFT_ACTIVE_COMPILATION_CONDITIONS = DEBUG;
				SWIFT_OPTIMIZATION_LEVEL = "-Onone";
			};
			name = Debug;
		};
		77421B222358FEE700A23C79 /* Release */ = {
			isa = XCBuildConfiguration;
			buildSettings = {
				ALWAYS_SEARCH_USER_PATHS = NO;
				CLANG_ANALYZER_LOCALIZABILITY_NONLOCALIZED = YES;
				CLANG_ANALYZER_NONNULL = YES;
				CLANG_ANALYZER_NUMBER_OBJECT_CONVERSION = YES_AGGRESSIVE;
				CLANG_CXX_LANGUAGE_STANDARD = "gnu++14";
				CLANG_CXX_LIBRARY = "libc++";
				CLANG_ENABLE_MODULES = YES;
				CLANG_ENABLE_OBJC_ARC = YES;
				CLANG_ENABLE_OBJC_WEAK = YES;
				CLANG_WARN_BLOCK_CAPTURE_AUTORELEASING = YES;
				CLANG_WARN_BOOL_CONVERSION = YES;
				CLANG_WARN_COMMA = YES;
				CLANG_WARN_CONSTANT_CONVERSION = YES;
				CLANG_WARN_DEPRECATED_OBJC_IMPLEMENTATIONS = YES;
				CLANG_WARN_DIRECT_OBJC_ISA_USAGE = YES_ERROR;
				CLANG_WARN_DOCUMENTATION_COMMENTS = YES;
				CLANG_WARN_EMPTY_BODY = YES;
				CLANG_WARN_ENUM_CONVERSION = YES;
				CLANG_WARN_INFINITE_RECURSION = YES;
				CLANG_WARN_INT_CONVERSION = YES;
				CLANG_WARN_NON_LITERAL_NULL_CONVERSION = YES;
				CLANG_WARN_OBJC_IMPLICIT_RETAIN_SELF = YES;
				CLANG_WARN_OBJC_LITERAL_CONVERSION = YES;
				CLANG_WARN_OBJC_ROOT_CLASS = YES_ERROR;
				CLANG_WARN_RANGE_LOOP_ANALYSIS = YES;
				CLANG_WARN_STRICT_PROTOTYPES = YES;
				CLANG_WARN_SUSPICIOUS_MOVE = YES;
				CLANG_WARN_UNGUARDED_AVAILABILITY = YES_AGGRESSIVE;
				CLANG_WARN_UNREACHABLE_CODE = YES;
				CLANG_WARN__DUPLICATE_METHOD_MATCH = YES;
				CODE_SIGN_IDENTITY = "iPhone Developer";
				COPY_PHASE_STRIP = NO;
				DEBUG_INFORMATION_FORMAT = "dwarf-with-dsym";
				ENABLE_NS_ASSERTIONS = NO;
				ENABLE_STRICT_OBJC_MSGSEND = YES;
				GCC_C_LANGUAGE_STANDARD = gnu11;
				GCC_NO_COMMON_BLOCKS = YES;
				GCC_WARN_64_TO_32_BIT_CONVERSION = YES;
				GCC_WARN_ABOUT_RETURN_TYPE = YES_ERROR;
				GCC_WARN_UNDECLARED_SELECTOR = YES;
				GCC_WARN_UNINITIALIZED_AUTOS = YES_AGGRESSIVE;
				GCC_WARN_UNUSED_FUNCTION = YES;
				GCC_WARN_UNUSED_VARIABLE = YES;
				IPHONEOS_DEPLOYMENT_TARGET = 12.4;
				MTL_ENABLE_DEBUG_INFO = NO;
				MTL_FAST_MATH = YES;
				SDKROOT = iphoneos;
				SWIFT_COMPILATION_MODE = wholemodule;
				SWIFT_OPTIMIZATION_LEVEL = "-O";
				VALIDATE_PRODUCT = YES;
			};
			name = Release;
		};
		77421B242358FEE700A23C79 /* Debug */ = {
			isa = XCBuildConfiguration;
			buildSettings = {
				APP_PREFIX = DEV;
				ASSETCATALOG_COMPILER_APPICON_NAME = AppIcon;
				CODE_SIGN_IDENTITY = "iPhone Developer";
				CODE_SIGN_STYLE = Automatic;
				DEVELOPMENT_TEAM = DV4PUUR55B;
				INFOPLIST_FILE = RadiosPeru/Resources/Info.plist;
				LD_RUNPATH_SEARCH_PATHS = (
					"$(inherited)",
					"@executable_path/Frameworks",
				);
				PRODUCT_BUNDLE_IDENTIFIER = home.rcaos.RadiosPlayerPeru.dev;
				PRODUCT_NAME = RadiosPeru;
				PROVISIONING_PROFILE_SPECIFIER = "";
				SWIFT_VERSION = 5.0;
				TARGETED_DEVICE_FAMILY = 1;
			};
			name = Debug;
		};
		77421B252358FEE700A23C79 /* Release */ = {
			isa = XCBuildConfiguration;
			buildSettings = {
				APP_PREFIX = PROD;
				ASSETCATALOG_COMPILER_APPICON_NAME = AppIcon;
				CODE_SIGN_IDENTITY = "iPhone Developer";
				CODE_SIGN_STYLE = Automatic;
				DEVELOPMENT_TEAM = DV4PUUR55B;
				INFOPLIST_FILE = RadiosPeru/Resources/Info.plist;
				LD_RUNPATH_SEARCH_PATHS = (
					"$(inherited)",
					"@executable_path/Frameworks",
				);
				PRODUCT_BUNDLE_IDENTIFIER = home.rcaos.RadiosPlayerPeru;
				PRODUCT_NAME = RadiosPeru;
				PROVISIONING_PROFILE_SPECIFIER = "";
				SWIFT_VERSION = 5.0;
				TARGETED_DEVICE_FAMILY = 1;
			};
			name = Release;
		};
/* End XCBuildConfiguration section */

/* Begin XCConfigurationList section */
		77421B0C2358FEE500A23C79 /* Build configuration list for PBXProject "RadiosPeru" */ = {
			isa = XCConfigurationList;
			buildConfigurations = (
				77421B212358FEE700A23C79 /* Debug */,
				77421B222358FEE700A23C79 /* Release */,
			);
			defaultConfigurationIsVisible = 0;
			defaultConfigurationName = Release;
		};
		77421B232358FEE700A23C79 /* Build configuration list for PBXNativeTarget "RadiosPeru" */ = {
			isa = XCConfigurationList;
			buildConfigurations = (
				77421B242358FEE700A23C79 /* Debug */,
				77421B252358FEE700A23C79 /* Release */,
			);
			defaultConfigurationIsVisible = 0;
			defaultConfigurationName = Release;
		};
/* End XCConfigurationList section */

/* Begin XCRemoteSwiftPackageReference section */
		77459D3D287724C40049EF78 /* XCRemoteSwiftPackageReference "Kingfisher.git" */ = {
			isa = XCRemoteSwiftPackageReference;
			repositoryURL = "https://github.com/onevcat/Kingfisher.git";
			requirement = {
				kind = upToNextMajorVersion;
				minimumVersion = 7.3.0;
			};
		};
		77459D40287726FB0049EF78 /* XCRemoteSwiftPackageReference "RxSwift.git" */ = {
			isa = XCRemoteSwiftPackageReference;
			repositoryURL = "https://github.com/ReactiveX/RxSwift.git";
			requirement = {
				kind = exactVersion;
				version = 5.0.0;
			};
		};
		77459D45287727770049EF78 /* XCRemoteSwiftPackageReference "RxDataSources.git" */ = {
			isa = XCRemoteSwiftPackageReference;
			repositoryURL = "https://github.com/RxSwiftCommunity/RxDataSources.git";
			requirement = {
				kind = exactVersion;
				version = 4.0.0;
			};
		};
/* End XCRemoteSwiftPackageReference section */

/* Begin XCSwiftPackageProductDependency section */
		77459D3E287724C40049EF78 /* Kingfisher */ = {
			isa = XCSwiftPackageProductDependency;
			package = 77459D3D287724C40049EF78 /* XCRemoteSwiftPackageReference "Kingfisher.git" */;
			productName = Kingfisher;
		};
		77459D41287726FB0049EF78 /* RxCocoa */ = {
			isa = XCSwiftPackageProductDependency;
			package = 77459D40287726FB0049EF78 /* XCRemoteSwiftPackageReference "RxSwift.git" */;
			productName = RxCocoa;
		};
		77459D43287726FB0049EF78 /* RxSwift */ = {
			isa = XCSwiftPackageProductDependency;
			package = 77459D40287726FB0049EF78 /* XCRemoteSwiftPackageReference "RxSwift.git" */;
			productName = RxSwift;
		};
		77459D46287727770049EF78 /* RxDataSources */ = {
			isa = XCSwiftPackageProductDependency;
			package = 77459D45287727770049EF78 /* XCRemoteSwiftPackageReference "RxDataSources.git" */;
			productName = RxDataSources;
		};
/* End XCSwiftPackageProductDependency section */

/* Begin XCVersionGroup section */
		77D51759237C9A8300B7DCC9 /* RadiosPeru.xcdatamodeld */ = {
			isa = XCVersionGroup;
			children = (
				77D5175A237C9A8300B7DCC9 /* RadiosPeru.xcdatamodel */,
			);
			currentVersion = 77D5175A237C9A8300B7DCC9 /* RadiosPeru.xcdatamodel */;
			path = RadiosPeru.xcdatamodeld;
			sourceTree = "<group>";
			versionGroupType = wrapper.xcdatamodel;
		};
/* End XCVersionGroup section */
	};
	rootObject = 77421B092358FEE500A23C79 /* Project object */;
}
