{
  "object": {
    "pins": [
      {
        "package": "Kingfisher",
        "repositoryURL": "https://github.com/onevcat/Kingfisher.git",
        "state": {
          "branch": null,
          "revision": "2235a22ca249199cb736237f4bb9cc12b6ed416a",
          "version": "7.3.0"
        }
      },
      {
        "package": "RxDataSources",
        "repositoryURL": "https://github.com/RxSwiftCommunity/RxDataSources.git",
        "state": {
          "branch": null,
          "revision": "05ead9a086ed698137a36cd4789c6b23ddc69f55",
          "version": "4.0.0"
        }
      },
      {
        "package": "RxSwift",
        "repositoryURL": "https://github.com/ReactiveX/RxSwift.git",
        "state": {
          "branch": null,
          "revision": "c6c0c540109678b96639c25e9c0ebe4a6d7a69a9",
          "version": "5.0.0"
        }
      }
    ]
  },
  "version": 1
}
